version: 7
platforms:
- name: linux-64
  virtual-packages:
  - __unix=0=0
  - __linux=4.18
  - __glibc=2.28
  - __archspec=0=x86_64
- name: osx-arm64
  virtual-packages:
  - __unix=0=0
  - __osx=13.0
  - __archspec=0=m1
environments:
  default:
    channels:
    - url: https://conda.anaconda.org/conda-forge/
    - url: https://conda.modular.com/max-nightly/
    packages:
      linux-64:
      - conda: https://conda.anaconda.org/conda-forge/linux-64/_openmp_mutex-4.5-20_gnu.conda
      - conda: https://conda.anaconda.org/conda-forge/linux-64/bzip2-1.0.8-hda65f42_9.conda
      - conda: https://conda.anaconda.org/conda-forge/linux-64/keyutils-1.6.3-hb9d3cd8_0.conda
      - conda: https://conda.anaconda.org/conda-forge/linux-64/krb5-1.22.2-hbde042b_1.conda
      - conda: https://conda.anaconda.org/conda-forge/linux-64/ld_impl_linux-64-2.45.1-default_hbd61a6d_102.conda
      - conda: https://conda.anaconda.org/conda-forge/linux-64/libedit-3.1.20250104-pl5321h7949ede_0.conda
      - conda: https://conda.anaconda.org/conda-forge/linux-64/libexpat-2.8.1-hecca717_1.conda
      - conda: https://conda.anaconda.org/conda-forge/linux-64/libffi-3.5.2-h3435931_0.conda
      - conda: https://conda.anaconda.org/conda-forge/linux-64/libgcc-15.2.0-he0feb66_19.conda
      - conda: https://conda.anaconda.org/conda-forge/linux-64/libgomp-15.2.0-he0feb66_19.conda
      - conda: https://conda.anaconda.org/conda-forge/linux-64/liblzma-5.8.3-hb03c661_0.conda
      - conda: https://conda.anaconda.org/conda-forge/linux-64/libmpdec-4.0.0-hb03c661_1.conda
      - conda: https://conda.anaconda.org/conda-forge/linux-64/libsodium-1.0.22-h280c20c_1.conda
      - conda: https://conda.anaconda.org/conda-forge/linux-64/libsqlite-3.53.3-h0c1763c_0.conda
      - conda: https://conda.anaconda.org/conda-forge/linux-64/libstdcxx-15.2.0-h934c35e_19.conda
      - conda: https://conda.anaconda.org/conda-forge/linux-64/libuuid-2.42.2-h5347b49_0.conda
      - conda: https://conda.anaconda.org/conda-forge/linux-64/libzlib-1.3.2-h25fd6f3_2.conda
      - conda: https://conda.anaconda.org/conda-forge/linux-64/ncurses-6.6-hdb14827_0.conda
      - conda: https://conda.anaconda.org/conda-forge/linux-64/openssl-3.6.3-h35e630c_0.conda
      - conda: https://conda.anaconda.org/conda-forge/linux-64/python-3.14.6-habeac84_100_cp314.conda
      - conda: https://conda.anaconda.org/conda-forge/linux-64/pyzmq-27.1.0-py312hda471dd_3.conda
      - conda: https://conda.anaconda.org/conda-forge/linux-64/readline-8.3-h853b02a_0.conda
      - conda: https://conda.anaconda.org/conda-forge/linux-64/tk-8.6.13-noxft_h366c992_103.conda
      - conda: https://conda.anaconda.org/conda-forge/linux-64/tornado-6.5.7-py314h5bd0f2a_0.conda
      - conda: https://conda.anaconda.org/conda-forge/linux-64/zeromq-4.3.5-h09e67af_11.conda
      - conda: https://conda.anaconda.org/conda-forge/linux-64/zstd-1.5.7-hb78ec9c_6.conda
      - conda: https://conda.anaconda.org/conda-forge/noarch/_python_abi3_support-1.0-hd8ed1ab_2.conda
      - conda: https://conda.anaconda.org/conda-forge/noarch/ca-certificates-2026.6.17-hbd8a1cb_0.conda
      - conda: https://conda.anaconda.org/conda-forge/noarch/click-8.4.2-pyhc90fa1f_0.conda
      - conda: https://conda.anaconda.org/conda-forge/noarch/cpython-3.14.6-py314hd8ed1ab_100.conda
      - conda: https://conda.anaconda.org/conda-forge/noarch/importlib-metadata-9.0.0-pyhcf101f3_0.conda
      - conda: https://conda.anaconda.org/conda-forge/noarch/jupyter_client-8.6.3-pyhd8ed1ab_1.conda
      - conda: https://conda.anaconda.org/conda-forge/noarch/jupyter_core-5.9.1-pyhc90fa1f_0.conda
      - conda: https://conda.anaconda.org/conda-forge/noarch/mypy_extensions-1.1.0-pyha770c72_0.conda
      - conda: https://conda.anaconda.org/conda-forge/noarch/packaging-26.2-pyhc364b38_0.conda
      - conda: https://conda.anaconda.org/conda-forge/noarch/pathspec-1.1.1-pyhd8ed1ab_0.conda
      - conda: https://conda.anaconda.org/conda-forge/noarch/platformdirs-4.10.0-pyhcf101f3_0.conda
      - conda: https://conda.anaconda.org/conda-forge/noarch/python-dateutil-2.9.0.post0-pyhe01879c_2.conda
      - conda: https://conda.anaconda.org/conda-forge/noarch/python-gil-3.14.6-h4df99d1_100.conda
      - conda: https://conda.anaconda.org/conda-forge/noarch/python_abi-3.14-8_cp314.conda
      - conda: https://conda.anaconda.org/conda-forge/noarch/six-1.17.0-pyhe01879c_1.conda
      - conda: https://conda.anaconda.org/conda-forge/noarch/tomli-2.4.1-pyhcf101f3_0.conda
      - conda: https://conda.anaconda.org/conda-forge/noarch/traitlets-5.15.1-pyhcf101f3_0.conda
      - conda: https://conda.anaconda.org/conda-forge/noarch/tzdata-2025c-hc9c84f9_1.conda
      - conda: https://conda.anaconda.org/conda-forge/noarch/zipp-4.1.0-pyhcf101f3_0.conda
      - conda: https://conda.modular.com/max-nightly/linux-64/mojo-1.0.0b3.dev2026071505-release.conda
      - conda: https://conda.modular.com/max-nightly/linux-64/mojo-compiler-1.0.0b3.dev2026071505-release.conda
      - conda: https://conda.modular.com/max-nightly/noarch/mblack-26.5.0.dev2026071505-release.conda
      - conda: https://conda.modular.com/max-nightly/noarch/mojo-python-1.0.0b3.dev2026071505-release.conda
      osx-arm64:
      - conda: https://conda.anaconda.org/conda-forge/noarch/_python_abi3_support-1.0-hd8ed1ab_2.conda
      - conda: https://conda.anaconda.org/conda-forge/noarch/ca-certificates-2026.6.17-hbd8a1cb_0.conda
      - conda: https://conda.anaconda.org/conda-forge/noarch/click-8.4.2-pyhc90fa1f_0.conda
      - conda: https://conda.anaconda.org/conda-forge/noarch/cpython-3.14.6-py314hd8ed1ab_100.conda
      - conda: https://conda.anaconda.org/conda-forge/noarch/importlib-metadata-9.0.0-pyhcf101f3_0.conda
      - conda: https://conda.anaconda.org/conda-forge/noarch/jupyter_client-8.6.3-pyhd8ed1ab_1.conda
      - conda: https://conda.anaconda.org/conda-forge/noarch/jupyter_core-5.9.1-pyhc90fa1f_0.conda
      - conda: https://conda.anaconda.org/conda-forge/noarch/mypy_extensions-1.1.0-pyha770c72_0.conda
      - conda: https://conda.anaconda.org/conda-forge/noarch/packaging-26.2-pyhc364b38_0.conda
      - conda: https://conda.anaconda.org/conda-forge/noarch/pathspec-1.1.1-pyhd8ed1ab_0.conda
      - conda: https://conda.anaconda.org/conda-forge/noarch/platformdirs-4.10.0-pyhcf101f3_0.conda
      - conda: https://conda.anaconda.org/conda-forge/noarch/python-dateutil-2.9.0.post0-pyhe01879c_2.conda
      - conda: https://conda.anaconda.org/conda-forge/noarch/python-gil-3.14.6-h4df99d1_100.conda
      - conda: https://conda.anaconda.org/conda-forge/noarch/python_abi-3.14-8_cp314.conda
      - conda: https://conda.anaconda.org/conda-forge/noarch/six-1.17.0-pyhe01879c_1.conda
      - conda: https://conda.anaconda.org/conda-forge/noarch/tomli-2.4.1-pyhcf101f3_0.conda
      - conda: https://conda.anaconda.org/conda-forge/noarch/traitlets-5.15.1-pyhcf101f3_0.conda
      - conda: https://conda.anaconda.org/conda-forge/noarch/tzdata-2025c-hc9c84f9_1.conda
      - conda: https://conda.anaconda.org/conda-forge/noarch/zipp-4.1.0-pyhcf101f3_0.conda
      - conda: https://conda.anaconda.org/conda-forge/osx-arm64/bzip2-1.0.8-hd037594_9.conda
      - conda: https://conda.anaconda.org/conda-forge/osx-arm64/krb5-1.22.2-hfd3d5f3_1.conda
      - conda: https://conda.anaconda.org/conda-forge/osx-arm64/libcxx-22.1.8-h55c6f16_0.conda
      - conda: https://conda.anaconda.org/conda-forge/osx-arm64/libedit-3.1.20250104-pl5321hafb1f1b_0.conda
      - conda: https://conda.anaconda.org/conda-forge/osx-arm64/libexpat-2.8.1-hf6b4638_1.conda
      - conda: https://conda.anaconda.org/conda-forge/osx-arm64/libffi-3.5.2-hcf2aa1b_0.conda
      - conda: https://conda.anaconda.org/conda-forge/osx-arm64/liblzma-5.8.3-h8088a28_0.conda
      - conda: https://conda.anaconda.org/conda-forge/osx-arm64/libmpdec-4.0.0-h84a0fba_1.conda
      - conda: https://conda.anaconda.org/conda-forge/osx-arm64/libsodium-1.0.22-h1a92334_1.conda
      - conda: https://conda.anaconda.org/conda-forge/osx-arm64/libsqlite-3.53.3-h1b79a29_0.conda
      - conda: https://conda.anaconda.org/conda-forge/osx-arm64/libzlib-1.3.2-h8088a28_2.conda
      - conda: https://conda.anaconda.org/conda-forge/osx-arm64/ncurses-6.6-h1d4f5a5_0.conda
      - conda: https://conda.anaconda.org/conda-forge/osx-arm64/openssl-3.6.3-hd24854e_0.conda
      - conda: https://conda.anaconda.org/conda-forge/osx-arm64/python-3.14.6-h156bc91_100_cp314.conda
      - conda: https://conda.anaconda.org/conda-forge/osx-arm64/pyzmq-27.1.0-py312h022ad19_3.conda
      - conda: https://conda.anaconda.org/conda-forge/osx-arm64/readline-8.3-h46df422_0.conda
      - conda: https://conda.anaconda.org/conda-forge/osx-arm64/tk-8.6.13-h010d191_3.conda
      - conda: https://conda.anaconda.org/conda-forge/osx-arm64/tornado-6.5.7-py314h6c2aa35_0.conda
      - conda: https://conda.anaconda.org/conda-forge/osx-arm64/zeromq-4.3.5-h10816f8_11.conda
      - conda: https://conda.anaconda.org/conda-forge/osx-arm64/zstd-1.5.7-hbf9d68e_6.conda
      - conda: https://conda.modular.com/max-nightly/noarch/mblack-26.5.0.dev2026071505-release.conda
      - conda: https://conda.modular.com/max-nightly/noarch/mojo-python-1.0.0b3.dev2026071505-release.conda
      - conda: https://conda.modular.com/max-nightly/osx-arm64/mojo-1.0.0b3.dev2026071505-release.conda
      - conda: https://conda.modular.com/max-nightly/osx-arm64/mojo-compiler-1.0.0b3.dev2026071505-release.conda
packages:
- conda: https://conda.anaconda.org/conda-forge/linux-64/_openmp_mutex-4.5-20_gnu.conda
  build_number: 20
  sha256: 1dd3fffd892081df9726d7eb7e0dea6198962ba775bd88842135a4ddb4deb3c9
  md5: a9f577daf3de00bca7c3c76c0ecbd1de
  depends:
  - __glibc >=2.17,<3.0.a0
  - libgomp >=7.5.0
  constrains:
  - openmp_impl <0.0a0
  license: BSD-3-Clause
  license_family: BSD
  run_exports:
    strong:
    - _openmp_mutex >=4.5
  size: 28948
  timestamp: 1770939786096
- conda: https://conda.anaconda.org/conda-forge/linux-64/bzip2-1.0.8-hda65f42_9.conda
  sha256: 0b75d45f0bba3e95dc693336fa51f40ea28c980131fec438afb7ce6118ed05f6
  md5: d2ffd7602c02f2b316fd921d39876885
  depends:
  - __glibc >=2.17,<3.0.a0
  - libgcc >=14
  license: bzip2-1.0.6
  license_family: BSD
  run_exports:
    weak:
    - bzip2 >=1.0.8,<2.0a0
  size: 260182
  timestamp: 1771350215188
- conda: https://conda.anaconda.org/conda-forge/linux-64/keyutils-1.6.3-hb9d3cd8_0.conda
  sha256: 0960d06048a7185d3542d850986d807c6e37ca2e644342dd0c72feefcf26c2a4
  md5: b38117a3c920364aff79f870c984b4a3
  depends:
  - __glibc >=2.17,<3.0.a0
  - libgcc >=13
  license: LGPL-2.1-or-later
  run_exports:
    weak:
    - keyutils >=1.6.3,<2.0a0
  size: 134088
  timestamp: 1754905959823
- conda: https://conda.anaconda.org/conda-forge/linux-64/krb5-1.22.2-hbde042b_1.conda
  sha256: 9b07046870772f28740e3f6149f09ff222843733087a33c5540b169c6289652d
  md5: 54157a1c8c0bb70f62dd0b17fba7e7f2
  depends:
  - __glibc >=2.17,<3.0.a0
  - keyutils >=1.6.3,<2.0a0
  - libedit >=3.1.20250104,<3.2.0a0
  - libedit >=3.1.20250104,<4.0a0
  - libgcc >=14
  - libstdcxx >=14
  - openssl >=3.5.7,<4.0a0
  license: MIT
  license_family: MIT
  run_exports:
    weak:
    - krb5 >=1.22.2,<1.23.0a0
  size: 1388990
  timestamp: 1781859420533
- conda: https://conda.anaconda.org/conda-forge/linux-64/ld_impl_linux-64-2.45.1-default_hbd61a6d_102.conda
  sha256: 3d584956604909ff5df353767f3a2a2f60e07d070b328d109f30ac40cd62df6c
  md5: 18335a698559cdbcd86150a48bf54ba6
  depends:
  - __glibc >=2.17,<3.0.a0
  - zstd >=1.5.7,<1.6.0a0
  constrains:
  - binutils_impl_linux-64 2.45.1
  license: GPL-3.0-only
  license_family: GPL
  run_exports: {}
  size: 728002
  timestamp: 1774197446916
- conda: https://conda.anaconda.org/conda-forge/linux-64/libedit-3.1.20250104-pl5321h7949ede_0.conda
  sha256: d789471216e7aba3c184cd054ed61ce3f6dac6f87a50ec69291b9297f8c18724
  md5: c277e0a4d549b03ac1e9d6cbbe3d017b
  depends:
  - ncurses
  - __glibc >=2.17,<3.0.a0
  - libgcc >=13
  - ncurses >=6.5,<7.0a0
  license: BSD-2-Clause
  license_family: BSD
  run_exports:
    weak:
    - libedit >=3.1.20250104,<3.2.0a0
  size: 134676
  timestamp: 1738479519902
- conda: https://conda.anaconda.org/conda-forge/linux-64/libexpat-2.8.1-hecca717_1.conda
  sha256: 16feffd9ddbbe5b718515d38ee376c685ba95491cd901244e24671d20b952a77
  md5: b24d3c612f71e7aa74158d92106318b2
  depends:
  - __glibc >=2.17,<3.0.a0
  - libgcc >=14
  constrains:
  - expat 2.8.1.*
  license: MIT
  license_family: MIT
  run_exports: {}
  size: 77856
  timestamp: 1781203599810
- conda: https://conda.anaconda.org/conda-forge/linux-64/libffi-3.5.2-h3435931_0.conda
  sha256: 31f19b6a88ce40ebc0d5a992c131f57d919f73c0b92cd1617a5bec83f6e961e6
  md5: a360c33a5abe61c07959e449fa1453eb
  depends:
  - __glibc >=2.17,<3.0.a0
  - libgcc >=14
  license: MIT
  license_family: MIT
  run_exports:
    weak:
    - libffi >=3.5.2,<3.6.0a0
  size: 58592
  timestamp: 1769456073053
- conda: https://conda.anaconda.org/conda-forge/linux-64/libgcc-15.2.0-he0feb66_19.conda
  sha256: 8e0a3b5e41272e5678499b5dfc4cddb673f9e935de01eb0767ce857001229f46
  md5: 57736f29cc2b0ec0b6c2952d3f101b6a
  depends:
  - __glibc >=2.17,<3.0.a0
  - _openmp_mutex >=4.5
  constrains:
  - libgcc-ng ==15.2.0=*_19
  - libgomp 15.2.0 he0feb66_19
  license: GPL-3.0-only WITH GCC-exception-3.1
  license_family: GPL
  run_exports: {}
  size: 1041084
  timestamp: 1778269013026
- conda: https://conda.anaconda.org/conda-forge/linux-64/libgomp-15.2.0-he0feb66_19.conda
  sha256: 5abe4ab9d93f6c9757d654f1969ae2267d4505315c1f2f8fe705fd60af084f1b
  md5: faac990cb7aedc7f3a2224f2c9b0c26c
  depends:
  - __glibc >=2.17,<3.0.a0
  license: GPL-3.0-only WITH GCC-exception-3.1
  license_family: GPL
  run_exports:
    strong:
    - _openmp_mutex >=4.5
  size: 603817
  timestamp: 1778268942614
- conda: https://conda.anaconda.org/conda-forge/linux-64/liblzma-5.8.3-hb03c661_0.conda
  sha256: ec30e52a3c1bf7d0425380a189d209a52baa03f22fb66dd3eb587acaa765bd6d
  md5: b88d90cad08e6bc8ad540cb310a761fb
  depends:
  - __glibc >=2.17,<3.0.a0
  - libgcc >=14
  constrains:
  - xz 5.8.3.*
  license: 0BSD
  run_exports:
    weak:
    - liblzma >=5.8.3,<6.0a0
  size: 113478
  timestamp: 1775825492909
- conda: https://conda.anaconda.org/conda-forge/linux-64/libmpdec-4.0.0-hb03c661_1.conda
  sha256: fe171ed5cf5959993d43ff72de7596e8ac2853e9021dec0344e583734f1e0843
  md5: 2c21e66f50753a083cbe6b80f38268fa
  depends:
  - __glibc >=2.17,<3.0.a0
  - libgcc >=14
  license: BSD-2-Clause
  license_family: BSD
  run_exports: {}
  size: 92400
  timestamp: 1769482286018
- conda: https://conda.anaconda.org/conda-forge/linux-64/libsodium-1.0.22-h280c20c_1.conda
  sha256: b677bbf1c339d894757c3dcfbb2f88649e499e4991d70ae09a1466da9a6c92d6
  md5: 965e4d531b588b2e42f66fd8e48b056c
  depends:
  - __glibc >=2.17,<3.0.a0
  - libgcc >=14
  license: ISC
  run_exports:
    weak:
    - libsodium >=1.0.22,<1.0.23.0a0
  size: 269272
  timestamp: 1779163468406
- conda: https://conda.anaconda.org/conda-forge/linux-64/libsqlite-3.53.3-h0c1763c_0.conda
  sha256: 365376f4815e5e80def2b3462a2419708b7c292da0da85278386c2618621fff4
  md5: 4aed8e657e9ff156bdbe849b4df44389
  depends:
  - __glibc >=2.17,<3.0.a0
  - libgcc >=14
  - libzlib >=1.3.2,<2.0a0
  license: blessing
  run_exports:
    weak:
    - libsqlite >=3.53.3,<4.0a0
  size: 962119
  timestamp: 1782519076616
- conda: https://conda.anaconda.org/conda-forge/linux-64/libstdcxx-15.2.0-h934c35e_19.conda
  sha256: dff1058c76ec6b8759e41cefa2508162d00e4a5e6721aa68ec3fd10094e702dc
  md5: 5794b3bdc38177caf969dabd3af08549
  depends:
  - __glibc >=2.17,<3.0.a0
  - libgcc 15.2.0 he0feb66_19
  constrains:
  - libstdcxx-ng ==15.2.0=*_19
  license: GPL-3.0-only WITH GCC-exception-3.1
  license_family: GPL
  run_exports: {}
  size: 5852044
  timestamp: 1778269036376
- conda: https://conda.anaconda.org/conda-forge/linux-64/libuuid-2.42.2-h5347b49_0.conda
  sha256: 9b1bdce27a7e31f7d241aeecff67a1f3101d52a2b1e33ccc2cdf2613072bf81f
  md5: 01bb81d12c957de066ea7362007df642
  depends:
  - libgcc >=14
  - __glibc >=2.17,<3.0.a0
  license: BSD-3-Clause
  license_family: BSD
  run_exports:
    weak:
    - libuuid >=2.42.2,<3.0a0
  size: 40017
  timestamp: 1781625522462
- conda: https://conda.anaconda.org/conda-forge/linux-64/libzlib-1.3.2-h25fd6f3_2.conda
  sha256: 55044c403570f0dc26e6364de4dc5368e5f3fc7ff103e867c487e2b5ab2bcda9
  md5: d87ff7921124eccd67248aa483c23fec
  depends:
  - __glibc >=2.17,<3.0.a0
  constrains:
  - zlib 1.3.2 *_2
  license: Zlib
  license_family: Other
  run_exports:
    weak:
    - libzlib >=1.3.2,<2.0a0
  size: 63629
  timestamp: 1774072609062
- conda: https://conda.anaconda.org/conda-forge/linux-64/ncurses-6.6-hdb14827_0.conda
  sha256: fc89f74bbe362fb29fa3c037697a89bec140b346a2469a90f7936d1d7ea4d8a3
  md5: fc21868a1a5aacc937e7a18747acb8a5
  depends:
  - __glibc >=2.17,<3.0.a0
  - libgcc >=14
  license: X11 AND BSD-3-Clause
  run_exports:
    weak:
    - ncurses >=6.6,<7.0a0
  size: 918956
  timestamp: 1777422145199
- conda: https://conda.anaconda.org/conda-forge/linux-64/openssl-3.6.3-h35e630c_0.conda
  sha256: d48f5c22b9897c01e4dff3680f1f57ceb02711ab9c62f74339b080419dfad34b
  md5: 79dd2074b5cd5c5c6b2930514a11e22d
  depends:
  - __glibc >=2.17,<3.0.a0
  - ca-certificates
  - libgcc >=14
  license: Apache-2.0
  license_family: Apache
  run_exports:
    weak:
    - openssl >=3.6.3,<4.0a0
  size: 3159683
  timestamp: 1781069855778
- conda: https://conda.anaconda.org/conda-forge/linux-64/python-3.14.6-habeac84_100_cp314.conda
  build_number: 100
  sha256: 6d28ac2b061179deb434d3d57afa98ffd20ec3c5d44ab8048a1ca33424b22d38
  md5: 0b9b2f83b5b600e1ac38becde8d0dd44
  depends:
  - __glibc >=2.17,<3.0.a0
  - bzip2 >=1.0.8,<2.0a0
  - ld_impl_linux-64 >=2.36.1
  - libexpat >=2.8.1,<3.0a0
  - libffi >=3.5.2,<3.6.0a0
  - libgcc >=14
  - liblzma >=5.8.3,<6.0a0
  - libmpdec >=4.0.0,<5.0a0
  - libsqlite >=3.53.2,<4.0a0
  - libuuid >=2.42.1,<3.0a0
  - libzlib >=1.3.2,<2.0a0
  - ncurses >=6.6,<7.0a0
  - openssl >=3.5.7,<4.0a0
  - python_abi 3.14.* *_cp314
  - readline >=8.3,<9.0a0
  - tk >=8.6.13,<8.7.0a0
  - tzdata
  - zstd >=1.5.7,<1.6.0a0
  license: Python-2.0
  run_exports:
    weak:
    - python_abi 3.14.* *_cp314
    noarch:
    - python
  size: 36717183
  timestamp: 1781255094700
  python_site_packages_path: lib/python3.14/site-packages
- conda: https://conda.anaconda.org/conda-forge/linux-64/pyzmq-27.1.0-py312hda471dd_3.conda
  noarch: python
  sha256: 970b2a1d12983d8d1cc05d914ad88a0b6ef1fa14038c9649aa834dd6ebee65d7
  md5: acd216255e1370e9aeab5351b831f07c
  depends:
  - python
  - libgcc >=14
  - libstdcxx >=14
  - __glibc >=2.17,<3.0.a0
  - _python_abi3_support 1.*
  - cpython >=3.12
  - zeromq >=4.3.5,<4.4.0a0
  license: BSD-3-Clause
  license_family: BSD
  run_exports: {}
  size: 210896
  timestamp: 1779483879367
- conda: https://conda.anaconda.org/conda-forge/linux-64/readline-8.3-h853b02a_0.conda
  sha256: 12ffde5a6f958e285aa22c191ca01bbd3d6e710aa852e00618fa6ddc59149002
  md5: d7d95fc8287ea7bf33e0e7116d2b95ec
  depends:
  - __glibc >=2.17,<3.0.a0
  - libgcc >=14
  - ncurses >=6.5,<7.0a0
  license: GPL-3.0-only
  license_family: GPL
  run_exports:
    weak:
    - readline >=8.3,<9.0a0
  size: 345073
  timestamp: 1765813471974
- conda: https://conda.anaconda.org/conda-forge/linux-64/tk-8.6.13-noxft_h366c992_103.conda
  sha256: cafeec44494f842ffeca27e9c8b0c27ed714f93ac77ddadc6aaf726b5554ebac
  md5: cffd3bdd58090148f4cfcd831f4b26ab
  depends:
  - __glibc >=2.17,<3.0.a0
  - libgcc >=14
  - libzlib >=1.3.1,<2.0a0
  constrains:
  - xorg-libx11 >=1.8.12,<2.0a0
  license: TCL
  license_family: BSD
  run_exports:
    weak:
    - tk >=8.6.13,<8.7.0a0
  size: 3301196
  timestamp: 1769460227866
- conda: https://conda.anaconda.org/conda-forge/linux-64/tornado-6.5.7-py314h5bd0f2a_0.conda
  sha256: bbb7056f7c5fd606df16ed73ee68687050de2c02fd69a3f69a1cb533a7ed2ae8
  md5: 4a8e5889712641aabdf6695e292857fe
  depends:
  - __glibc >=2.17,<3.0.a0
  - libgcc >=14
  - python >=3.14,<3.15.0a0
  - python_abi 3.14.* *_cp314
  license: Apache-2.0
  license_family: Apache
  run_exports: {}
  size: 918368
  timestamp: 1781006801436
- conda: https://conda.anaconda.org/conda-forge/linux-64/zeromq-4.3.5-h09e67af_11.conda
  sha256: dc9f28dedcb5f35a127fad2d847674d2833369dd616d294e423b8997df31d8a8
  md5: 96b08867e21d4694fa5c2c226e6581b0
  depends:
  - libgcc >=14
  - __glibc >=2.17,<3.0.a0
  - libstdcxx >=14
  - krb5 >=1.22.2,<1.23.0a0
  - libsodium >=1.0.22,<1.0.23.0a0
  license: MPL-2.0
  license_family: MOZILLA
  run_exports:
    weak:
    - zeromq >=4.3.5,<4.4.0a0
  size: 311184
  timestamp: 1779123989774
- conda: https://conda.anaconda.org/conda-forge/linux-64/zstd-1.5.7-hb78ec9c_6.conda
  sha256: 68f0206ca6e98fea941e5717cec780ed2873ffabc0e1ed34428c061e2c6268c7
  md5: 4a13eeac0b5c8e5b8ab496e6c4ddd829
  depends:
  - __glibc >=2.17,<3.0.a0
  - libzlib >=1.3.1,<2.0a0
  license: BSD-3-Clause
  license_family: BSD
  run_exports:
    weak:
    - zstd >=1.5.7,<1.6.0a0
  size: 601375
  timestamp: 1764777111296
- conda: https://conda.anaconda.org/conda-forge/noarch/_python_abi3_support-1.0-hd8ed1ab_2.conda
  sha256: a3967b937b9abf0f2a99f3173fa4630293979bd1644709d89580e7c62a544661
  md5: aaa2a381ccc56eac91d63b6c1240312f
  depends:
  - cpython
  - python-gil
  license: MIT
  license_family: MIT
  run_exports: {}
  size: 8191
  timestamp: 1744137672556
- conda: https://conda.anaconda.org/conda-forge/noarch/ca-certificates-2026.6.17-hbd8a1cb_0.conda
  sha256: f8e3c730fa14ee3f170493779f06522c4acf89169f43db4f039727709b6419cf
  md5: a9965dd99f683c5f444428f896635716
  depends:
  - __unix
  license: ISC
  run_exports: {}
  size: 128866
  timestamp: 1781708962055
- conda: https://conda.anaconda.org/conda-forge/noarch/click-8.4.2-pyhc90fa1f_0.conda
  sha256: ccc4787f511964f9a1f2d2d2859c91c5d571fb60f7f09d4c4e092c9b7a94e671
  md5: 2c4bd6aeb90bb157456841c3270a0d92
  depends:
  - __unix
  - python
  - python >=3.10
  license: BSD-3-Clause
  license_family: BSD
  run_exports: {}
  size: 107155
  timestamp: 1783085363526
- conda: https://conda.anaconda.org/conda-forge/noarch/cpython-3.14.6-py314hd8ed1ab_100.conda
  noarch: generic
  sha256: 7a548856ef5307890a8cadfc196655117658f8c24589ce175caa4c1c2ded9d13
  md5: b28fe35fd43d5f425c0dccbe5b5039fd
  depends:
  - python >=3.14,<3.15.0a0
  - python_abi * *_cp314
  license: Python-2.0
  run_exports: {}
  size: 49333
  timestamp: 1781254618863
- conda: https://conda.anaconda.org/conda-forge/noarch/importlib-metadata-9.0.0-pyhcf101f3_0.conda
  sha256: 43e2a5497cad1598ff88a3e69f69bc88b7b8f141fa63c60eab5db296317318b8
  md5: ffc17e785d64e12fc311af9184221839
  depends:
  - python >=3.10
  - zipp >=3.20
  - python
  license: Apache-2.0
  license_family: APACHE
  run_exports: {}
  size: 34766
  timestamp: 1779714582554
- conda: https://conda.anaconda.org/conda-forge/noarch/jupyter_client-8.6.3-pyhd8ed1ab_1.conda
  sha256: 19d8bd5bb2fde910ec59e081eeb59529491995ce0d653a5209366611023a0b3a
  md5: 4ebae00eae9705b0c3d6d1018a81d047
  depends:
  - importlib-metadata >=4.8.3
  - jupyter_core >=4.12,!=5.0.*
  - python >=3.9
  - python-dateutil >=2.8.2
  - pyzmq >=23.0
  - tornado >=6.2
  - traitlets >=5.3
  license: BSD-3-Clause
  license_family: BSD
  run_exports: {}
  size: 106342
  timestamp: 1733441040958
- conda: https://conda.anaconda.org/conda-forge/noarch/jupyter_core-5.9.1-pyhc90fa1f_0.conda
  sha256: 1d34b80e5bfcd5323f104dbf99a2aafc0e5d823019d626d0dce5d3d356a2a52a
  md5: b38fe4e78ee75def7e599843ef4c1ab0
  depends:
  - __unix
  - python
  - platformdirs >=2.5
  - python >=3.10
  - traitlets >=5.3
  - python
  constrains:
  - pywin32 >=300
  license: BSD-3-Clause
  license_family: BSD
  run_exports: {}
  size: 65503
  timestamp: 1760643864586
- conda: https://conda.anaconda.org/conda-forge/noarch/mypy_extensions-1.1.0-pyha770c72_0.conda
  sha256: 6ed158e4e5dd8f6a10ad9e525631e35cee8557718f83de7a4e3966b1f772c4b1
  md5: e9c622e0d00fa24a6292279af3ab6d06
  depends:
  - python >=3.9
  license: MIT
  license_family: MIT
  run_exports: {}
  size: 11766
  timestamp: 1745776666688
- conda: https://conda.anaconda.org/conda-forge/noarch/packaging-26.2-pyhc364b38_0.conda
  sha256: 3906abfb6511a3bb309e39b9b1b7bc38f50a723971de2395489fd1f379255890
  md5: 4c06a92e74452cfa53623a81592e8934
  depends:
  - python >=3.8
  - python
  license: Apache-2.0
  license_family: APACHE
  run_exports: {}
  size: 91574
  timestamp: 1777103621679
- conda: https://conda.anaconda.org/conda-forge/noarch/pathspec-1.1.1-pyhd8ed1ab_0.conda
  sha256: 6eaee417d33f298db79bc7185ab1208604c0e6cf51dade34cd513c6f9db9c6f3
  md5: 11adc78451c998c0fd162584abfa3559
  depends:
  - python >=3.10
  license: MPL-2.0
  license_family: MOZILLA
  run_exports: {}
  size: 56559
  timestamp: 1777271601895
- conda: https://conda.anaconda.org/conda-forge/noarch/platformdirs-4.10.0-pyhcf101f3_0.conda
  sha256: 9e5e1fd3506ccfc4d444fc4d2d39b0ed097d5d0e3bd3d4bdf6bcc81aaf66860d
  md5: 2c5ef45db85d34799771629bd5860fd7
  depends:
  - python >=3.10
  - python
  license: MIT
  license_family: MIT
  run_exports: {}
  size: 26308
  timestamp: 1779972894916
- conda: https://conda.anaconda.org/conda-forge/noarch/python-dateutil-2.9.0.post0-pyhe01879c_2.conda
  sha256: d6a17ece93bbd5139e02d2bd7dbfa80bee1a4261dced63f65f679121686bf664
  md5: 5b8d21249ff20967101ffa321cab24e8
  depends:
  - python >=3.9
  - six >=1.5
  - python
  license: Apache-2.0
  license_family: APACHE
  run_exports: {}
  size: 233310
  timestamp: 1751104122689
- conda: https://conda.anaconda.org/conda-forge/noarch/python-gil-3.14.6-h4df99d1_100.conda
  sha256: 84c129bdd6abcecac42a948f2670d17fe735d02d3a5a483a9b1f1bc33ba38c28
  md5: 224f69f177eb5aae6c9a6052846bf609
  depends:
  - cpython 3.14.6.*
  - python_abi * *_cp314
  license: Python-2.0
  run_exports: {}
  size: 49315
  timestamp: 1781254664376
- conda: https://conda.anaconda.org/conda-forge/noarch/python_abi-3.14-8_cp314.conda
  build_number: 8
  sha256: ad6d2e9ac39751cc0529dd1566a26751a0bf2542adb0c232533d32e176e21db5
  md5: 0539938c55b6b1a59b560e843ad864a4
  constrains:
  - python 3.14.* *_cp314
  license: BSD-3-Clause
  license_family: BSD
  run_exports: {}
  size: 6989
  timestamp: 1752805904792
- conda: https://conda.anaconda.org/conda-forge/noarch/six-1.17.0-pyhe01879c_1.conda
  sha256: 458227f759d5e3fcec5d9b7acce54e10c9e1f4f4b7ec978f3bfd54ce4ee9853d
  md5: 3339e3b65d58accf4ca4fb8748ab16b3
  depends:
  - python >=3.9
  - python
  license: MIT
  license_family: MIT
  run_exports: {}
  size: 18455
  timestamp: 1753199211006
- conda: https://conda.anaconda.org/conda-forge/noarch/tomli-2.4.1-pyhcf101f3_0.conda
  sha256: 91cafdb64268e43e0e10d30bd1bef5af392e69f00edd34dfaf909f69ab2da6bd
  md5: b5325cf06a000c5b14970462ff5e4d58
  depends:
  - python >=3.10
  - python
  license: MIT
  license_family: MIT
  run_exports: {}
  size: 21561
  timestamp: 1774492402955
- conda: https://conda.anaconda.org/conda-forge/noarch/traitlets-5.15.1-pyhcf101f3_0.conda
  sha256: b89a823edf524956b94a2a4db974866e4501f05c68976eff458c5dcf07f88431
  md5: 37e3be7b6e2977d37b8fa5da229f5dc0
  depends:
  - python >=3.10
  - python
  license: BSD-3-Clause
  license_family: BSD
  run_exports: {}
  size: 115158
  timestamp: 1780507822178
- conda: https://conda.anaconda.org/conda-forge/noarch/tzdata-2025c-hc9c84f9_1.conda
  sha256: 1d30098909076af33a35017eed6f2953af1c769e273a0626a04722ac4acaba3c
  md5: ad659d0a2b3e47e38d829aa8cad2d610
  license: LicenseRef-Public-Domain
  run_exports: {}
  size: 119135
  timestamp: 1767016325805
- conda: https://conda.anaconda.org/conda-forge/noarch/zipp-4.1.0-pyhcf101f3_0.conda
  sha256: 210bd31c22bb88f5e2a167df24c95bb5f152b2ada7502f9b8c49d1f5366db423
  md5: ba3dcdc8584155c97c648ae9c044b7a3
  depends:
  - python >=3.10
  - python
  license: MIT
  license_family: MIT
  run_exports: {}
  size: 24190
  timestamp: 1779159948016
- conda: https://conda.anaconda.org/conda-forge/osx-arm64/bzip2-1.0.8-hd037594_9.conda
  sha256: 540fe54be35fac0c17feefbdc3e29725cce05d7367ffedfaaa1bdda234b019df
  md5: 620b85a3f45526a8bc4d23fd78fc22f0
  depends:
  - __osx >=11.0
  license: bzip2-1.0.6
  license_family: BSD
  run_exports:
    weak:
    - bzip2 >=1.0.8,<2.0a0
  size: 124834
  timestamp: 1771350416561
- conda: https://conda.anaconda.org/conda-forge/osx-arm64/krb5-1.22.2-hfd3d5f3_1.conda
  sha256: c740e4a2e7247776a9883158fdab50ae0732c8f67f96d8f1db8ad9da5e0b5222
  md5: 8780f41b013d19219faef9c82260744b
  depends:
  - __osx >=11.0
  - libcxx >=19
  - libedit >=3.1.20250104,<3.2.0a0
  - libedit >=3.1.20250104,<4.0a0
  - openssl >=3.5.7,<4.0a0
  license: MIT
  license_family: MIT
  run_exports:
    weak:
    - krb5 >=1.22.2,<1.23.0a0
  size: 1159780
  timestamp: 1781859501654
- conda: https://conda.anaconda.org/conda-forge/osx-arm64/libcxx-22.1.8-h55c6f16_0.conda
  sha256: a2e7abab5add9750fab064c024394de48e49f97631c605ad5db5c8ac3fc769ef
  md5: 89f76a2a21a3ec3ec983b5eb237c4113
  depends:
  - __osx >=11.0
  license: Apache-2.0 WITH LLVM-exception
  license_family: Apache
  run_exports: {}
  size: 569349
  timestamp: 1781670209146
- conda: https://conda.anaconda.org/conda-forge/osx-arm64/libedit-3.1.20250104-pl5321hafb1f1b_0.conda
  sha256: 66aa216a403de0bb0c1340a88d1a06adaff66bae2cfd196731aa24db9859d631
  md5: 44083d2d2c2025afca315c7a172eab2b
  depends:
  - ncurses
  - __osx >=11.0
  - ncurses >=6.5,<7.0a0
  license: BSD-2-Clause
  license_family: BSD
  run_exports:
    weak:
    - libedit >=3.1.20250104,<3.2.0a0
  size: 107691
  timestamp: 1738479560845
- conda: https://conda.anaconda.org/conda-forge/osx-arm64/libexpat-2.8.1-hf6b4638_1.conda
  sha256: 5af74261101e3c777399c6294b2b5d290e508153268eb2e9ff99c4d69834612f
  md5: a915151d5d3c5bf039f5ccc8402a436f
  depends:
  - __osx >=11.0
  constrains:
  - expat 2.8.1.*
  license: MIT
  license_family: MIT
  run_exports: {}
  size: 69362
  timestamp: 1781203631990
- conda: https://conda.anaconda.org/conda-forge/osx-arm64/libffi-3.5.2-hcf2aa1b_0.conda
  sha256: 6686a26466a527585e6a75cc2a242bf4a3d97d6d6c86424a441677917f28bec7
  md5: 43c04d9cb46ef176bb2a4c77e324d599
  depends:
  - __osx >=11.0
  license: MIT
  license_family: MIT
  run_exports:
    weak:
    - libffi >=3.5.2,<3.6.0a0
  size: 40979
  timestamp: 1769456747661
- conda: https://conda.anaconda.org/conda-forge/osx-arm64/liblzma-5.8.3-h8088a28_0.conda
  sha256: 34878d87275c298f1a732c6806349125cebbf340d24c6c23727268184bba051e
  md5: b1fd823b5ae54fbec272cea0811bd8a9
  depends:
  - __osx >=11.0
  constrains:
  - xz 5.8.3.*
  license: 0BSD
  run_exports:
    weak:
    - liblzma >=5.8.3,<6.0a0
  size: 92472
  timestamp: 1775825802659
- conda: https://conda.anaconda.org/conda-forge/osx-arm64/libmpdec-4.0.0-h84a0fba_1.conda
  sha256: 1089c7f15d5b62c622625ec6700732ece83be8b705da8c6607f4dabb0c4bd6d2
  md5: 57c4be259f5e0b99a5983799a228ae55
  depends:
  - __osx >=11.0
  license: BSD-2-Clause
  license_family: BSD
  run_exports: {}
  size: 73690
  timestamp: 1769482560514
- conda: https://conda.anaconda.org/conda-forge/osx-arm64/libsodium-1.0.22-h1a92334_1.conda
  sha256: 202be45db5726757a8ea1f374f85aacc18c504f5ff15b2558496dff4c8779c48
  md5: 9ed5ab909c449bdcae72322e44875a18
  depends:
  - __osx >=11.0
  license: ISC
  run_exports:
    weak:
    - libsodium >=1.0.22,<1.0.23.0a0
  size: 247352
  timestamp: 1779164136206
- conda: https://conda.anaconda.org/conda-forge/osx-arm64/libsqlite-3.53.3-h1b79a29_0.conda
  sha256: a73a8acd97a6599fd6e561514db9f101ca7fd984cdc0cfd91ba74c8aa9dbe067
  md5: 7184d95871a58b8258a8ea124ed5aabc
  depends:
  - __osx >=11.0
  - libzlib >=1.3.2,<2.0a0
  license: blessing
  run_exports:
    weak:
    - libsqlite >=3.53.3,<4.0a0
  size: 924912
  timestamp: 1782519136322
- conda: https://conda.anaconda.org/conda-forge/osx-arm64/libzlib-1.3.2-h8088a28_2.conda
  sha256: 361415a698514b19a852f5d1123c5da746d4642139904156ddfca7c922d23a05
  md5: bc5a5721b6439f2f62a84f2548136082
  depends:
  - __osx >=11.0
  constrains:
  - zlib 1.3.2 *_2
  license: Zlib
  license_family: Other
  run_exports:
    weak:
    - libzlib >=1.3.2,<2.0a0
  size: 47759
  timestamp: 1774072956767
- conda: https://conda.anaconda.org/conda-forge/osx-arm64/ncurses-6.6-h1d4f5a5_0.conda
  sha256: 4ea6c620b87bd1d42bb2ccc2c87cd2483fa2d7f9e905b14c223f11ff3f4c455d
  md5: 343d10ed5b44030a2f67193905aea159
  depends:
  - __osx >=11.0
  license: X11 AND BSD-3-Clause
  run_exports:
    weak:
    - ncurses >=6.6,<7.0a0
  size: 805509
  timestamp: 1777423252320
- conda: https://conda.anaconda.org/conda-forge/osx-arm64/openssl-3.6.3-hd24854e_0.conda
  sha256: b3e3ca895c336d4eb91c5d2f244a312bdb59a0de8cfa0cc4c179225ab2f6bbfb
  md5: 8187a86242741725bfa74785fe812979
  depends:
  - __osx >=11.0
  - ca-certificates
  license: Apache-2.0
  license_family: Apache
  run_exports:
    weak:
    - openssl >=3.6.3,<4.0a0
  size: 3102584
  timestamp: 1781069820667
- conda: https://conda.anaconda.org/conda-forge/osx-arm64/python-3.14.6-h156bc91_100_cp314.conda
  build_number: 100
  sha256: 984081c9fae3a3944c6f2707bbbbc70e8b961f02cdb7c640d9745e2636235632
  md5: 4841be3d0cf616a860efc6e60af66f8b
  depends:
  - __osx >=11.0
  - bzip2 >=1.0.8,<2.0a0
  - libexpat >=2.8.1,<3.0a0
  - libffi >=3.5.2,<3.6.0a0
  - liblzma >=5.8.3,<6.0a0
  - libmpdec >=4.0.0,<5.0a0
  - libsqlite >=3.53.2,<4.0a0
  - libzlib >=1.3.2,<2.0a0
  - ncurses >=6.6,<7.0a0
  - openssl >=3.5.7,<4.0a0
  - python_abi 3.14.* *_cp314
  - readline >=8.3,<9.0a0
  - tk >=8.6.13,<8.7.0a0
  - tzdata
  - zstd >=1.5.7,<1.6.0a0
  license: Python-2.0
  run_exports:
    weak:
    - python_abi 3.14.* *_cp314
    noarch:
    - python
  size: 14059371
  timestamp: 1781254578985
  python_site_packages_path: lib/python3.14/site-packages
- conda: https://conda.anaconda.org/conda-forge/osx-arm64/pyzmq-27.1.0-py312h022ad19_3.conda
  noarch: python
  sha256: 086cc67ec57afb7c9c09b5e09e7356b536b5b1af6c2e97117dc022cd22f0d472
  md5: 73f22bde4991f30ae2bfac3811577c15
  depends:
  - python
  - libcxx >=19
  - __osx >=11.0
  - zeromq >=4.3.5,<4.4.0a0
  - _python_abi3_support 1.*
  - cpython >=3.12
  license: BSD-3-Clause
  license_family: BSD
  run_exports: {}
  size: 191432
  timestamp: 1779484184540
- conda: https://conda.anaconda.org/conda-forge/osx-arm64/readline-8.3-h46df422_0.conda
  sha256: a77010528efb4b548ac2a4484eaf7e1c3907f2aec86123ed9c5212ae44502477
  md5: f8381319127120ce51e081dce4865cf4
  depends:
  - __osx >=11.0
  - ncurses >=6.5,<7.0a0
  license: GPL-3.0-only
  license_family: GPL
  run_exports:
    weak:
    - readline >=8.3,<9.0a0
  size: 313930
  timestamp: 1765813902568
- conda: https://conda.anaconda.org/conda-forge/osx-arm64/tk-8.6.13-h010d191_3.conda
  sha256: 799cab4b6cde62f91f750149995d149bc9db525ec12595e8a1d91b9317f038b3
  md5: a9d86bc62f39b94c4661716624eb21b0
  depends:
  - __osx >=11.0
  - libzlib >=1.3.1,<2.0a0
  license: TCL
  license_family: BSD
  run_exports:
    weak:
    - tk >=8.6.13,<8.7.0a0
  size: 3127137
  timestamp: 1769460817696
- conda: https://conda.anaconda.org/conda-forge/osx-arm64/tornado-6.5.7-py314h6c2aa35_0.conda
  sha256: 1a4f3d940cf239acde2fc61674b7cf80219a7f22a369e92b95b245be2d47caf1
  md5: cc1d84777343f00f01c08a2d9550f639
  depends:
  - __osx >=11.0
  - python >=3.14,<3.15.0a0
  - python >=3.14,<3.15.0a0 *_cp314
  - python_abi 3.14.* *_cp314
  license: Apache-2.0
  license_family: Apache
  run_exports: {}
  size: 915857
  timestamp: 1781007345425
- conda: https://conda.anaconda.org/conda-forge/osx-arm64/zeromq-4.3.5-h10816f8_11.conda
  sha256: 01fd50d2801b23b59fafea6bf704a6c5faf0f5969104400eae0e6572cb2e5304
  md5: d31c0e54c4f9c51100ec8c812ee925d1
  depends:
  - libcxx >=19
  - __osx >=11.0
  - krb5 >=1.22.2,<1.23.0a0
  - libsodium >=1.0.22,<1.0.23.0a0
  license: MPL-2.0
  license_family: MOZILLA
  run_exports:
    weak:
    - zeromq >=4.3.5,<4.4.0a0
  size: 245404
  timestamp: 1779124076307
- conda: https://conda.anaconda.org/conda-forge/osx-arm64/zstd-1.5.7-hbf9d68e_6.conda
  sha256: 9485ba49e8f47d2b597dd399e88f4802e100851b27c21d7525625b0b4025a5d9
  md5: ab136e4c34e97f34fb621d2592a393d8
  depends:
  - __osx >=11.0
  - libzlib >=1.3.1,<2.0a0
  license: BSD-3-Clause
  license_family: BSD
  run_exports:
    weak:
    - zstd >=1.5.7,<1.6.0a0
  size: 433413
  timestamp: 1764777166076
- conda: https://conda.modular.com/max-nightly/linux-64/mojo-1.0.0b3.dev2026071505-release.conda
  sha256: 3791890a6d528f532ce615f7e9b7bc985e2e70574a0c22a069d10f1c67caf0eb
  md5: 166a6d53f945888ad756e49409add54d
  depends:
  - python >=3.10
  - mojo-compiler ==1.0.0b3.dev2026071505
  - mblack ==26.5.0.dev2026071505
  - jupyter_client >=8.6.2,<8.7
  license: LicenseRef-Modular-Proprietary
  run_exports: {}
  size: 114214533
  timestamp: 1784095247495
- conda: https://conda.modular.com/max-nightly/linux-64/mojo-compiler-1.0.0b3.dev2026071505-release.conda
  sha256: 5a4a74104a833d263501f840a0a2f53cb6a193b465c1521ea84dc4ec366fe6bb
  md5: c9d367b9e0d09a2bbec34fa7710bf174
  depends:
  - mojo-python ==1.0.0b3.dev2026071505
  license: LicenseRef-Modular-Proprietary
  run_exports: {}
  size: 81520821
  timestamp: 1784095269810
- conda: https://conda.modular.com/max-nightly/noarch/mblack-26.5.0.dev2026071505-release.conda
  noarch: python
  sha256: e8a5ca867d5c2ed7e792e55e02e0823431ac2a754f331d864aa8ae42c018dd27
  md5: 8898e2b16174879dffcb56d327e8143a
  depends:
  - python >=3.10
  - click >=8.0.0
  - mypy_extensions >=0.4.3
  - packaging >=22.0
  - pathspec >=0.9.0
  - platformdirs >=2
  - tomli >=1.1.0
  license: LicenseRef-Modular-Proprietary
  run_exports: {}
  size: 135928
  timestamp: 1784095099246
- conda: https://conda.modular.com/max-nightly/noarch/mojo-python-1.0.0b3.dev2026071505-release.conda
  noarch: python
  sha256: bccdffb277d6db1d75b5367be3e93042eeffaa35b8f592a093be9dd67ad78aff
  md5: 07f38dcb5d809e36d26a9692e55097ec
  depends:
  - python >=3.10
  license: LicenseRef-Modular-Proprietary
  run_exports: {}
  size: 24101
  timestamp: 1784095098880
- conda: https://conda.modular.com/max-nightly/osx-arm64/mojo-1.0.0b3.dev2026071505-release.conda
  sha256: 777eb27b603495edf7382dcff550098a3b5550aeddeb4f2ff1a67965c82bfdc2
  md5: 2a33e96ef41b9752d46d391252d4c168
  depends:
  - python >=3.10
  - mojo-compiler ==1.0.0b3.dev2026071505
  - mblack ==26.5.0.dev2026071505
  - jupyter_client >=8.6.2,<8.7
  license: LicenseRef-Modular-Proprietary
  run_exports: {}
  size: 99845678
  timestamp: 1784095384768
- conda: https://conda.modular.com/max-nightly/osx-arm64/mojo-compiler-1.0.0b3.dev2026071505-release.conda
  sha256: 63aa13790b3f0a8b9787aa5f5797bd7dbf85fcfa6d493c7d1b1110ccd581911c
  md5: 9e002dc7b31460708d391c8a6fc2910b
  depends:
  - mojo-python ==1.0.0b3.dev2026071505
  license: LicenseRef-Modular-Proprietary
  run_exports: {}
  size: 63006140
  timestamp: 1784095386731
