version: 6
environments:
  default:
    channels:
    - url: https://conda.anaconda.org/conda-forge/
    - url: https://conda.modular.com/max-nightly/
    packages:
      linux-64:
      - conda: https://conda.anaconda.org/conda-forge/linux-64/_libgcc_mutex-0.1-conda_forge.tar.bz2
      - conda: https://conda.anaconda.org/conda-forge/linux-64/_openmp_mutex-4.5-2_gnu.tar.bz2
      - conda: https://conda.anaconda.org/conda-forge/linux-64/bzip2-1.0.8-h4bc722e_7.conda
      - conda: https://conda.anaconda.org/conda-forge/noarch/ca-certificates-2025.7.14-hbd8a1cb_0.conda
      - conda: https://conda.anaconda.org/conda-forge/noarch/click-8.2.1-pyh707e725_0.conda
      - conda: https://conda.anaconda.org/conda-forge/noarch/cpython-3.13.5-py313hd8ed1ab_102.conda
      - conda: https://conda.anaconda.org/conda-forge/linux-64/icu-75.1-he02047a_0.conda
      - conda: https://conda.anaconda.org/conda-forge/noarch/importlib-metadata-8.7.0-pyhe01879c_1.conda
      - conda: https://conda.anaconda.org/conda-forge/noarch/jupyter_client-8.6.3-pyhd8ed1ab_1.conda
      - conda: https://conda.anaconda.org/conda-forge/noarch/jupyter_core-5.8.1-pyh31011fe_0.conda
      - conda: https://conda.anaconda.org/conda-forge/linux-64/keyutils-1.6.1-h166bdaf_0.tar.bz2
      - conda: https://conda.anaconda.org/conda-forge/linux-64/krb5-1.21.3-h659f571_0.conda
      - conda: https://conda.anaconda.org/conda-forge/linux-64/ld_impl_linux-64-2.44-h1423503_1.conda
      - conda: https://conda.anaconda.org/conda-forge/linux-64/libblas-3.9.0-32_h59b9bed_openblas.conda
      - conda: https://conda.anaconda.org/conda-forge/linux-64/libcblas-3.9.0-32_he106b2a_openblas.conda
      - conda: https://conda.anaconda.org/conda-forge/linux-64/libedit-3.1.20250104-pl5321h7949ede_0.conda
      - conda: https://conda.anaconda.org/conda-forge/linux-64/libexpat-2.7.1-hecca717_0.conda
      - conda: https://conda.anaconda.org/conda-forge/linux-64/libffi-3.4.6-h2dba641_1.conda
      - conda: https://conda.anaconda.org/conda-forge/linux-64/libgcc-15.1.0-h767d61c_3.conda
      - conda: https://conda.anaconda.org/conda-forge/linux-64/libgcc-ng-15.1.0-h69a702a_3.conda
      - conda: https://conda.anaconda.org/conda-forge/linux-64/libgfortran-15.1.0-h69a702a_3.conda
      - conda: https://conda.anaconda.org/conda-forge/linux-64/libgfortran5-15.1.0-hcea5267_3.conda
      - conda: https://conda.anaconda.org/conda-forge/linux-64/libgomp-15.1.0-h767d61c_3.conda
      - conda: https://conda.anaconda.org/conda-forge/linux-64/liblapack-3.9.0-32_h7ac8fdf_openblas.conda
      - conda: https://conda.anaconda.org/conda-forge/linux-64/liblzma-5.8.1-hb9d3cd8_2.conda
      - conda: https://conda.anaconda.org/conda-forge/linux-64/libmpdec-4.0.0-hb9d3cd8_0.conda
      - conda: https://conda.anaconda.org/conda-forge/linux-64/libopenblas-0.3.30-pthreads_h94d23a6_1.conda
      - conda: https://conda.anaconda.org/conda-forge/linux-64/libsodium-1.0.20-h4ab18f5_0.conda
      - conda: https://conda.anaconda.org/conda-forge/linux-64/libsqlite-3.50.3-hee844dc_1.conda
      - conda: https://conda.anaconda.org/conda-forge/linux-64/libstdcxx-15.1.0-h8f9b012_3.conda
      - conda: https://conda.anaconda.org/conda-forge/linux-64/libstdcxx-ng-15.1.0-h4852527_3.conda
      - conda: https://conda.anaconda.org/conda-forge/linux-64/libuuid-2.38.1-h0b41bf4_0.conda
      - conda: https://conda.anaconda.org/conda-forge/linux-64/libzlib-1.3.1-hb9d3cd8_2.conda
      - conda: https://conda.modular.com/max-nightly/linux-64/max-25.5.0.dev2025072605-release.conda
      - conda: https://conda.modular.com/max-nightly/linux-64/max-core-25.5.0.dev2025072605-release.conda
      - conda: https://conda.modular.com/max-nightly/noarch/mblack-25.5.0.dev2025072605-release.conda
      - conda: https://conda.modular.com/max-nightly/linux-64/mojo-25.5.0.dev2025072605-release.conda
      - conda: https://conda.modular.com/max-nightly/linux-64/mojo-dev-25.5.0.dev2025072605-release.conda
      - conda: https://conda.anaconda.org/conda-forge/noarch/mypy_extensions-1.1.0-pyha770c72_0.conda
      - conda: https://conda.anaconda.org/conda-forge/linux-64/ncurses-6.5-h2d0b736_3.conda
      - conda: https://conda.anaconda.org/conda-forge/linux-64/numpy-2.3.2-py313hf6604e3_0.conda
      - conda: https://conda.anaconda.org/conda-forge/linux-64/openssl-3.5.1-h7b32b05_0.conda
      - conda: https://conda.anaconda.org/conda-forge/noarch/packaging-25.0-pyh29332c3_1.conda
      - conda: https://conda.anaconda.org/conda-forge/noarch/pathspec-0.12.1-pyhd8ed1ab_1.conda
      - conda: https://conda.anaconda.org/conda-forge/noarch/platformdirs-4.3.8-pyhe01879c_0.conda
      - conda: https://conda.anaconda.org/conda-forge/linux-64/python-3.13.5-hec9711d_102_cp313.conda
      - conda: https://conda.anaconda.org/conda-forge/noarch/python-dateutil-2.9.0.post0-pyhe01879c_2.conda
      - conda: https://conda.anaconda.org/conda-forge/noarch/python-gil-3.13.5-h4df99d1_102.conda
      - conda: https://conda.anaconda.org/conda-forge/noarch/python_abi-3.13-8_cp313.conda
      - conda: https://conda.anaconda.org/conda-forge/linux-64/pyzmq-27.0.0-py313h8e95178_0.conda
      - conda: https://conda.anaconda.org/conda-forge/linux-64/readline-8.2-h8c095d6_2.conda
      - conda: https://conda.anaconda.org/conda-forge/noarch/six-1.17.0-pyhe01879c_1.conda
      - conda: https://conda.anaconda.org/conda-forge/linux-64/tk-8.6.13-noxft_hd72426e_102.conda
      - conda: https://conda.anaconda.org/conda-forge/noarch/tomli-2.2.1-pyhd8ed1ab_1.conda
      - conda: https://conda.anaconda.org/conda-forge/linux-64/tornado-6.5.1-py313h536fd9c_0.conda
      - conda: https://conda.anaconda.org/conda-forge/noarch/traitlets-5.14.3-pyhd8ed1ab_1.conda
      - conda: https://conda.anaconda.org/conda-forge/noarch/typing_extensions-4.14.1-pyhe01879c_0.conda
      - conda: https://conda.anaconda.org/conda-forge/noarch/tzdata-2025b-h78e105d_0.conda
      - conda: https://conda.anaconda.org/conda-forge/linux-64/zeromq-4.3.5-h3b0a872_7.conda
      - conda: https://conda.anaconda.org/conda-forge/noarch/zipp-3.23.0-pyhd8ed1ab_0.conda
      osx-arm64:
      - conda: https://conda.anaconda.org/conda-forge/osx-arm64/bzip2-1.0.8-h99b78c6_7.conda
      - conda: https://conda.anaconda.org/conda-forge/noarch/ca-certificates-2025.7.14-hbd8a1cb_0.conda
      - conda: https://conda.anaconda.org/conda-forge/noarch/click-8.2.1-pyh707e725_0.conda
      - conda: https://conda.anaconda.org/conda-forge/noarch/cpython-3.13.5-py313hd8ed1ab_102.conda
      - conda: https://conda.anaconda.org/conda-forge/osx-arm64/icu-75.1-hfee45f7_0.conda
      - conda: https://conda.anaconda.org/conda-forge/noarch/importlib-metadata-8.7.0-pyhe01879c_1.conda
      - conda: https://conda.anaconda.org/conda-forge/noarch/jupyter_client-8.6.3-pyhd8ed1ab_1.conda
      - conda: https://conda.anaconda.org/conda-forge/noarch/jupyter_core-5.8.1-pyh31011fe_0.conda
      - conda: https://conda.anaconda.org/conda-forge/osx-arm64/krb5-1.21.3-h237132a_0.conda
      - conda: https://conda.anaconda.org/conda-forge/osx-arm64/libblas-3.9.0-32_h10e41b3_openblas.conda
      - conda: https://conda.anaconda.org/conda-forge/osx-arm64/libcblas-3.9.0-32_hb3479ef_openblas.conda
      - conda: https://conda.anaconda.org/conda-forge/osx-arm64/libcxx-20.1.8-hf598326_1.conda
      - conda: https://conda.anaconda.org/conda-forge/osx-arm64/libedit-3.1.20250104-pl5321hafb1f1b_0.conda
      - conda: https://conda.anaconda.org/conda-forge/osx-arm64/libexpat-2.7.1-hec049ff_0.conda
      - conda: https://conda.anaconda.org/conda-forge/osx-arm64/libffi-3.4.6-h1da3d7d_1.conda
      - conda: https://conda.anaconda.org/conda-forge/osx-arm64/libgfortran-15.1.0-hfdf1602_0.conda
      - conda: https://conda.anaconda.org/conda-forge/osx-arm64/libgfortran5-15.1.0-hb74de2c_0.conda
      - conda: https://conda.anaconda.org/conda-forge/osx-arm64/liblapack-3.9.0-32_hc9a63f6_openblas.conda
      - conda: https://conda.anaconda.org/conda-forge/osx-arm64/liblzma-5.8.1-h39f12f2_2.conda
      - conda: https://conda.anaconda.org/conda-forge/osx-arm64/libmpdec-4.0.0-h5505292_0.conda
      - conda: https://conda.anaconda.org/conda-forge/osx-arm64/libopenblas-0.3.30-openmp_h60d53f8_1.conda
      - conda: https://conda.anaconda.org/conda-forge/osx-arm64/libsodium-1.0.20-h99b78c6_0.conda
      - conda: https://conda.anaconda.org/conda-forge/osx-arm64/libsqlite-3.50.3-h4237e3c_1.conda
      - conda: https://conda.anaconda.org/conda-forge/osx-arm64/libzlib-1.3.1-h8359307_2.conda
      - conda: https://conda.anaconda.org/conda-forge/osx-arm64/llvm-openmp-20.1.8-hbb9b287_0.conda
      - conda: https://conda.modular.com/max-nightly/osx-arm64/max-25.5.0.dev2025072605-release.conda
      - conda: https://conda.modular.com/max-nightly/osx-arm64/max-core-25.5.0.dev2025072605-release.conda
      - conda: https://conda.modular.com/max-nightly/noarch/mblack-25.5.0.dev2025072605-release.conda
      - conda: https://conda.modular.com/max-nightly/osx-arm64/mojo-25.5.0.dev2025072605-release.conda
      - conda: https://conda.modular.com/max-nightly/osx-arm64/mojo-dev-25.5.0.dev2025072605-release.conda
      - conda: https://conda.anaconda.org/conda-forge/noarch/mypy_extensions-1.1.0-pyha770c72_0.conda
      - conda: https://conda.anaconda.org/conda-forge/osx-arm64/ncurses-6.5-h5e97a16_3.conda
      - conda: https://conda.anaconda.org/conda-forge/osx-arm64/numpy-2.3.2-py313h674b998_0.conda
      - conda: https://conda.anaconda.org/conda-forge/osx-arm64/openssl-3.5.1-h81ee809_0.conda
      - conda: https://conda.anaconda.org/conda-forge/noarch/packaging-25.0-pyh29332c3_1.conda
      - conda: https://conda.anaconda.org/conda-forge/noarch/pathspec-0.12.1-pyhd8ed1ab_1.conda
      - conda: https://conda.anaconda.org/conda-forge/noarch/platformdirs-4.3.8-pyhe01879c_0.conda
      - conda: https://conda.anaconda.org/conda-forge/osx-arm64/python-3.13.5-hf3f3da0_102_cp313.conda
      - conda: https://conda.anaconda.org/conda-forge/noarch/python-dateutil-2.9.0.post0-pyhe01879c_2.conda
      - conda: https://conda.anaconda.org/conda-forge/noarch/python-gil-3.13.5-h4df99d1_102.conda
      - conda: https://conda.anaconda.org/conda-forge/noarch/python_abi-3.13-8_cp313.conda
      - conda: https://conda.anaconda.org/conda-forge/osx-arm64/pyzmq-27.0.0-py313he6960b1_0.conda
      - conda: https://conda.anaconda.org/conda-forge/osx-arm64/readline-8.2-h1d1bf99_2.conda
      - conda: https://conda.anaconda.org/conda-forge/noarch/six-1.17.0-pyhe01879c_1.conda
      - conda: https://conda.anaconda.org/conda-forge/osx-arm64/tk-8.6.13-h892fb3f_2.conda
      - conda: https://conda.anaconda.org/conda-forge/noarch/tomli-2.2.1-pyhd8ed1ab_1.conda
      - conda: https://conda.anaconda.org/conda-forge/osx-arm64/tornado-6.5.1-py313h90d716c_0.conda
      - conda: https://conda.anaconda.org/conda-forge/noarch/traitlets-5.14.3-pyhd8ed1ab_1.conda
      - conda: https://conda.anaconda.org/conda-forge/noarch/typing_extensions-4.14.1-pyhe01879c_0.conda
      - conda: https://conda.anaconda.org/conda-forge/noarch/tzdata-2025b-h78e105d_0.conda
      - conda: https://conda.anaconda.org/conda-forge/osx-arm64/zeromq-4.3.5-hc1bb282_7.conda
      - conda: https://conda.anaconda.org/conda-forge/noarch/zipp-3.23.0-pyhd8ed1ab_0.conda
packages:
- conda: https://conda.anaconda.org/conda-forge/linux-64/_libgcc_mutex-0.1-conda_forge.tar.bz2
  sha256: fe51de6107f9edc7aa4f786a70f4a883943bc9d39b3bb7307c04c41410990726
  md5: d7c89558ba9fa0495403155b64376d81
  license: None
  size: 2562
  timestamp: 1578324546067
- conda: https://conda.anaconda.org/conda-forge/linux-64/_openmp_mutex-4.5-2_gnu.tar.bz2
  build_number: 16
  sha256: fbe2c5e56a653bebb982eda4876a9178aedfc2b545f25d0ce9c4c0b508253d22
  md5: 73aaf86a425cc6e73fcf236a5a46396d
  depends:
  - _libgcc_mutex 0.1 conda_forge
  - libgomp >=7.5.0
  constrains:
  - openmp_impl 9999
  license: BSD-3-Clause
  license_family: BSD
  size: 23621
  timestamp: 1650670423406
- conda: https://conda.anaconda.org/conda-forge/linux-64/bzip2-1.0.8-h4bc722e_7.conda
  sha256: 5ced96500d945fb286c9c838e54fa759aa04a7129c59800f0846b4335cee770d
  md5: 62ee74e96c5ebb0af99386de58cf9553
  depends:
  - __glibc >=2.17,<3.0.a0
  - libgcc-ng >=12
  license: bzip2-1.0.6
  license_family: BSD
  size: 252783
  timestamp: 1720974456583
- conda: https://conda.anaconda.org/conda-forge/osx-arm64/bzip2-1.0.8-h99b78c6_7.conda
  sha256: adfa71f158cbd872a36394c56c3568e6034aa55c623634b37a4836bd036e6b91
  md5: fc6948412dbbbe9a4c9ddbbcfe0a79ab
  depends:
  - __osx >=11.0
  license: bzip2-1.0.6
  license_family: BSD
  size: 122909
  timestamp: 1720974522888
- conda: https://conda.anaconda.org/conda-forge/noarch/ca-certificates-2025.7.14-hbd8a1cb_0.conda
  sha256: 29defbd83c7829788358678ec996adeee252fa4d4274b7cd386c1ed73d2b201e
  md5: d16c90324aef024877d8713c0b7fea5b
  depends:
  - __unix
  license: ISC
  size: 155658
  timestamp: 1752482350666
- conda: https://conda.anaconda.org/conda-forge/noarch/click-8.2.1-pyh707e725_0.conda
  sha256: 8aee789c82d8fdd997840c952a586db63c6890b00e88c4fb6e80a38edd5f51c0
  md5: 94b550b8d3a614dbd326af798c7dfb40
  depends:
  - __unix
  - python >=3.10
  license: BSD-3-Clause
  license_family: BSD
  size: 87749
  timestamp: 1747811451319
- conda: https://conda.anaconda.org/conda-forge/noarch/cpython-3.13.5-py313hd8ed1ab_102.conda
  noarch: generic
  sha256: 058c8156ff880b1180a36b94307baad91f9130d0e3019ad8c7ade035852016fb
  md5: 0401f31e3c9e48cebf215472aa3e7104
  depends:
  - python >=3.13,<3.14.0a0
  - python_abi * *_cp313
  license: Python-2.0
  size: 47560
  timestamp: 1750062514868
- conda: https://conda.anaconda.org/conda-forge/linux-64/icu-75.1-he02047a_0.conda
  sha256: 71e750d509f5fa3421087ba88ef9a7b9be11c53174af3aa4d06aff4c18b38e8e
  md5: 8b189310083baabfb622af68fd9d3ae3
  depends:
  - __glibc >=2.17,<3.0.a0
  - libgcc-ng >=12
  - libstdcxx-ng >=12
  license: MIT
  license_family: MIT
  size: 12129203
  timestamp: 1720853576813
- conda: https://conda.anaconda.org/conda-forge/osx-arm64/icu-75.1-hfee45f7_0.conda
  sha256: 9ba12c93406f3df5ab0a43db8a4b4ef67a5871dfd401010fbe29b218b2cbe620
  md5: 5eb22c1d7b3fc4abb50d92d621583137
  depends:
  - __osx >=11.0
  license: MIT
  license_family: MIT
  size: 11857802
  timestamp: 1720853997952
- conda: https://conda.anaconda.org/conda-forge/noarch/importlib-metadata-8.7.0-pyhe01879c_1.conda
  sha256: c18ab120a0613ada4391b15981d86ff777b5690ca461ea7e9e49531e8f374745
  md5: 63ccfdc3a3ce25b027b8767eb722fca8
  depends:
  - python >=3.9
  - zipp >=3.20
  - python
  license: Apache-2.0
  license_family: APACHE
  size: 34641
  timestamp: 1747934053147
- conda: https://conda.anaconda.org/conda-forge/noarch/jupyter_client-8.6.3-pyhd8ed1ab_1.conda
  sha256: 19d8bd5bb2fde910ec59e081eeb59529491995ce0d653a5209366611023a0b3a
  md5: 4ebae00eae9705b0c3d6d1018a81d047
  depends:
  - importlib-metadata >=4.8.3
  - jupyter_core >=4.12,!=5.0.*
  - python >=3.9
  - python-dateutil >=2.8.2
  - pyzmq >=23.0
  - tornado >=6.2
  - traitlets >=5.3
  license: BSD-3-Clause
  license_family: BSD
  size: 106342
  timestamp: 1733441040958
- conda: https://conda.anaconda.org/conda-forge/noarch/jupyter_core-5.8.1-pyh31011fe_0.conda
  sha256: 56a7a7e907f15cca8c4f9b0c99488276d4cb10821d2d15df9245662184872e81
  md5: b7d89d860ebcda28a5303526cdee68ab
  depends:
  - __unix
  - platformdirs >=2.5
  - python >=3.8
  - traitlets >=5.3
  license: BSD-3-Clause
  license_family: BSD
  size: 59562
  timestamp: 1748333186063
- conda: https://conda.anaconda.org/conda-forge/linux-64/keyutils-1.6.1-h166bdaf_0.tar.bz2
  sha256: 150c05a6e538610ca7c43beb3a40d65c90537497a4f6a5f4d15ec0451b6f5ebb
  md5: 30186d27e2c9fa62b45fb1476b7200e3
  depends:
  - libgcc-ng >=10.3.0
  license: LGPL-2.1-or-later
  size: 117831
  timestamp: 1646151697040
- conda: https://conda.anaconda.org/conda-forge/linux-64/krb5-1.21.3-h659f571_0.conda
  sha256: 99df692f7a8a5c27cd14b5fb1374ee55e756631b9c3d659ed3ee60830249b238
  md5: 3f43953b7d3fb3aaa1d0d0723d91e368
  depends:
  - keyutils >=1.6.1,<2.0a0
  - libedit >=3.1.20191231,<3.2.0a0
  - libedit >=3.1.20191231,<4.0a0
  - libgcc-ng >=12
  - libstdcxx-ng >=12
  - openssl >=3.3.1,<4.0a0
  license: MIT
  license_family: MIT
  size: 1370023
  timestamp: 1719463201255
- conda: https://conda.anaconda.org/conda-forge/osx-arm64/krb5-1.21.3-h237132a_0.conda
  sha256: 4442f957c3c77d69d9da3521268cad5d54c9033f1a73f99cde0a3658937b159b
  md5: c6dc8a0fdec13a0565936655c33069a1
  depends:
  - __osx >=11.0
  - libcxx >=16
  - libedit >=3.1.20191231,<3.2.0a0
  - libedit >=3.1.20191231,<4.0a0
  - openssl >=3.3.1,<4.0a0
  license: MIT
  license_family: MIT
  size: 1155530
  timestamp: 1719463474401
- conda: https://conda.anaconda.org/conda-forge/linux-64/ld_impl_linux-64-2.44-h1423503_1.conda
  sha256: 1a620f27d79217c1295049ba214c2f80372062fd251b569e9873d4a953d27554
  md5: 0be7c6e070c19105f966d3758448d018
  depends:
  - __glibc >=2.17,<3.0.a0
  constrains:
  - binutils_impl_linux-64 2.44
  license: GPL-3.0-only
  license_family: GPL
  size: 676044
  timestamp: 1752032747103
- conda: https://conda.anaconda.org/conda-forge/linux-64/libblas-3.9.0-32_h59b9bed_openblas.conda
  build_number: 32
  sha256: 1540bf739feb446ff71163923e7f044e867d163c50b605c8b421c55ff39aa338
  md5: 2af9f3d5c2e39f417ce040f5a35c40c6
  depends:
  - libopenblas >=0.3.30,<0.3.31.0a0
  - libopenblas >=0.3.30,<1.0a0
  constrains:
  - libcblas   3.9.0   32*_openblas
  - mkl <2025
  - liblapacke 3.9.0   32*_openblas
  - blas 2.132   openblas
  - liblapack  3.9.0   32*_openblas
  license: BSD-3-Clause
  license_family: BSD
  size: 17330
  timestamp: 1750388798074
- conda: https://conda.anaconda.org/conda-forge/osx-arm64/libblas-3.9.0-32_h10e41b3_openblas.conda
  build_number: 32
  sha256: 2775472dd81d43dc20804b484028560bfecd5ab4779e39f1fb95684da3ff2029
  md5: d4a1732d2b330c9d5d4be16438a0ac78
  depends:
  - libopenblas >=0.3.30,<0.3.31.0a0
  - libopenblas >=0.3.30,<1.0a0
  constrains:
  - blas 2.132   openblas
  - liblapack  3.9.0   32*_openblas
  - mkl <2025
  - libcblas   3.9.0   32*_openblas
  - liblapacke 3.9.0   32*_openblas
  license: BSD-3-Clause
  license_family: BSD
  size: 17520
  timestamp: 1750388963178
- conda: https://conda.anaconda.org/conda-forge/linux-64/libcblas-3.9.0-32_he106b2a_openblas.conda
  build_number: 32
  sha256: 92a001fc181e6abe4f4a672b81d9413ca2f22609f8a95327dfcc6eee593ffeb9
  md5: 3d3f9355e52f269cd8bc2c440d8a5263
  depends:
  - libblas 3.9.0 32_h59b9bed_openblas
  constrains:
  - blas 2.132   openblas
  - liblapack  3.9.0   32*_openblas
  - liblapacke 3.9.0   32*_openblas
  license: BSD-3-Clause
  license_family: BSD
  size: 17308
  timestamp: 1750388809353
- conda: https://conda.anaconda.org/conda-forge/osx-arm64/libcblas-3.9.0-32_hb3479ef_openblas.conda
  build_number: 32
  sha256: 25d46ace14c3ac45d4aa18b5f7a0d3d30cec422297e900f8b97a66334232061c
  md5: d8e8ba717ae863b13a7495221f2b5a71
  depends:
  - libblas 3.9.0 32_h10e41b3_openblas
  constrains:
  - blas 2.132   openblas
  - liblapack  3.9.0   32*_openblas
  - liblapacke 3.9.0   32*_openblas
  license: BSD-3-Clause
  license_family: BSD
  size: 17485
  timestamp: 1750388970626
- conda: https://conda.anaconda.org/conda-forge/osx-arm64/libcxx-20.1.8-hf598326_1.conda
  sha256: 119b3ac75cb1ea29981e5053c2cb10d5f0b06fcc81b486cb7281f160daf673a1
  md5: a69ef3239d3268ef8602c7a7823fd982
  depends:
  - __osx >=11.0
  license: Apache-2.0 WITH LLVM-exception
  license_family: Apache
  size: 568267
  timestamp: 1752814881595
- conda: https://conda.anaconda.org/conda-forge/linux-64/libedit-3.1.20250104-pl5321h7949ede_0.conda
  sha256: d789471216e7aba3c184cd054ed61ce3f6dac6f87a50ec69291b9297f8c18724
  md5: c277e0a4d549b03ac1e9d6cbbe3d017b
  depends:
  - ncurses
  - __glibc >=2.17,<3.0.a0
  - libgcc >=13
  - ncurses >=6.5,<7.0a0
  license: BSD-2-Clause
  license_family: BSD
  size: 134676
  timestamp: 1738479519902
- conda: https://conda.anaconda.org/conda-forge/osx-arm64/libedit-3.1.20250104-pl5321hafb1f1b_0.conda
  sha256: 66aa216a403de0bb0c1340a88d1a06adaff66bae2cfd196731aa24db9859d631
  md5: 44083d2d2c2025afca315c7a172eab2b
  depends:
  - ncurses
  - __osx >=11.0
  - ncurses >=6.5,<7.0a0
  license: BSD-2-Clause
  license_family: BSD
  size: 107691
  timestamp: 1738479560845
- conda: https://conda.anaconda.org/conda-forge/linux-64/libexpat-2.7.1-hecca717_0.conda
  sha256: da2080da8f0288b95dd86765c801c6e166c4619b910b11f9a8446fb852438dc2
  md5: 4211416ecba1866fab0c6470986c22d6
  depends:
  - __glibc >=2.17,<3.0.a0
  - libgcc >=14
  constrains:
  - expat 2.7.1.*
  license: MIT
  license_family: MIT
  size: 74811
  timestamp: 1752719572741
- conda: https://conda.anaconda.org/conda-forge/osx-arm64/libexpat-2.7.1-hec049ff_0.conda
  sha256: 8fbb17a56f51e7113ed511c5787e0dec0d4b10ef9df921c4fd1cccca0458f648
  md5: b1ca5f21335782f71a8bd69bdc093f67
  depends:
  - __osx >=11.0
  constrains:
  - expat 2.7.1.*
  license: MIT
  license_family: MIT
  size: 65971
  timestamp: 1752719657566
- conda: https://conda.anaconda.org/conda-forge/linux-64/libffi-3.4.6-h2dba641_1.conda
  sha256: 764432d32db45466e87f10621db5b74363a9f847d2b8b1f9743746cd160f06ab
  md5: ede4673863426c0883c0063d853bbd85
  depends:
  - __glibc >=2.17,<3.0.a0
  - libgcc >=13
  license: MIT
  license_family: MIT
  size: 57433
  timestamp: 1743434498161
- conda: https://conda.anaconda.org/conda-forge/osx-arm64/libffi-3.4.6-h1da3d7d_1.conda
  sha256: c6a530924a9b14e193ea9adfe92843de2a806d1b7dbfd341546ece9653129e60
  md5: c215a60c2935b517dcda8cad4705734d
  depends:
  - __osx >=11.0
  license: MIT
  license_family: MIT
  size: 39839
  timestamp: 1743434670405
- conda: https://conda.anaconda.org/conda-forge/linux-64/libgcc-15.1.0-h767d61c_3.conda
  sha256: 59a87161212abe8acc57d318b0cc8636eb834cdfdfddcf1f588b5493644b39a3
  md5: 9e60c55e725c20d23125a5f0dd69af5d
  depends:
  - __glibc >=2.17,<3.0.a0
  - _openmp_mutex >=4.5
  constrains:
  - libgcc-ng ==15.1.0=*_3
  - libgomp 15.1.0 h767d61c_3
  license: GPL-3.0-only WITH GCC-exception-3.1
  license_family: GPL
  size: 824921
  timestamp: 1750808216066
- conda: https://conda.anaconda.org/conda-forge/linux-64/libgcc-ng-15.1.0-h69a702a_3.conda
  sha256: b0b0a5ee6ce645a09578fc1cb70c180723346f8a45fdb6d23b3520591c6d6996
  md5: e66f2b8ad787e7beb0f846e4bd7e8493
  depends:
  - libgcc 15.1.0 h767d61c_3
  license: GPL-3.0-only WITH GCC-exception-3.1
  license_family: GPL
  size: 29033
  timestamp: 1750808224854
- conda: https://conda.anaconda.org/conda-forge/linux-64/libgfortran-15.1.0-h69a702a_3.conda
  sha256: 77dd1f1efd327e6991e87f09c7c97c4ae1cfbe59d9485c41d339d6391ac9c183
  md5: bfbca721fd33188ef923dfe9ba172f29
  depends:
  - libgfortran5 15.1.0 hcea5267_3
  constrains:
  - libgfortran-ng ==15.1.0=*_3
  license: GPL-3.0-only WITH GCC-exception-3.1
  license_family: GPL
  size: 29057
  timestamp: 1750808257258
- conda: https://conda.anaconda.org/conda-forge/osx-arm64/libgfortran-15.1.0-hfdf1602_0.conda
  sha256: 9620b4ac9d32fe7eade02081cd60d6a359a927d42bb8e121bd16489acd3c4d8c
  md5: e3b7dca2c631782ca1317a994dfe19ec
  depends:
  - libgfortran5 15.1.0 hb74de2c_0
  license: GPL-3.0-only WITH GCC-exception-3.1
  license_family: GPL
  size: 133859
  timestamp: 1750183546047
- conda: https://conda.anaconda.org/conda-forge/linux-64/libgfortran5-15.1.0-hcea5267_3.conda
  sha256: eea6c3cf22ad739c279b4d665e6cf20f8081f483b26a96ddd67d4df3c88dfa0a
  md5: 530566b68c3b8ce7eec4cd047eae19fe
  depends:
  - __glibc >=2.17,<3.0.a0
  - libgcc >=15.1.0
  constrains:
  - libgfortran 15.1.0
  license: GPL-3.0-only WITH GCC-exception-3.1
  license_family: GPL
  size: 1565627
  timestamp: 1750808236464
- conda: https://conda.anaconda.org/conda-forge/osx-arm64/libgfortran5-15.1.0-hb74de2c_0.conda
  sha256: 44b8ce4536cc9a0e59c09ff404ef1b0120d6a91afc32799331d85268cbe42438
  md5: 8b158ccccd67a40218e12626a39065a1
  depends:
  - llvm-openmp >=8.0.0
  constrains:
  - libgfortran 15.1.0
  license: GPL-3.0-only WITH GCC-exception-3.1
  license_family: GPL
  size: 758352
  timestamp: 1750182604206
- conda: https://conda.anaconda.org/conda-forge/linux-64/libgomp-15.1.0-h767d61c_3.conda
  sha256: 43710ab4de0cd7ff8467abff8d11e7bb0e36569df04ce1c099d48601818f11d1
  md5: 3cd1a7238a0dd3d0860fdefc496cc854
  depends:
  - __glibc >=2.17,<3.0.a0
  license: GPL-3.0-only WITH GCC-exception-3.1
  license_family: GPL
  size: 447068
  timestamp: 1750808138400
- conda: https://conda.anaconda.org/conda-forge/linux-64/liblapack-3.9.0-32_h7ac8fdf_openblas.conda
  build_number: 32
  sha256: 5b55a30ed1b3f8195dad9020fe1c6d0f514829bfaaf0cf5e393e93682af009f2
  md5: 6c3f04ccb6c578138e9f9899da0bd714
  depends:
  - libblas 3.9.0 32_h59b9bed_openblas
  constrains:
  - libcblas   3.9.0   32*_openblas
  - blas 2.132   openblas
  - liblapacke 3.9.0   32*_openblas
  license: BSD-3-Clause
  license_family: BSD
  size: 17316
  timestamp: 1750388820745
- conda: https://conda.anaconda.org/conda-forge/osx-arm64/liblapack-3.9.0-32_hc9a63f6_openblas.conda
  build_number: 32
  sha256: 5e1cfa3581d1dec6b07a75084ff6cfa4b4465c646c6884a71c78a28543f83b61
  md5: bf9ead3fa92fd75ad473c6a1d255ffcb
  depends:
  - libblas 3.9.0 32_h10e41b3_openblas
  constrains:
  - blas 2.132   openblas
  - libcblas   3.9.0   32*_openblas
  - liblapacke 3.9.0   32*_openblas
  license: BSD-3-Clause
  license_family: BSD
  size: 17507
  timestamp: 1750388977861
- conda: https://conda.anaconda.org/conda-forge/linux-64/liblzma-5.8.1-hb9d3cd8_2.conda
  sha256: f2591c0069447bbe28d4d696b7fcb0c5bd0b4ac582769b89addbcf26fb3430d8
  md5: 1a580f7796c7bf6393fddb8bbbde58dc
  depends:
  - __glibc >=2.17,<3.0.a0
  - libgcc >=13
  constrains:
  - xz 5.8.1.*
  license: 0BSD
  size: 112894
  timestamp: 1749230047870
- conda: https://conda.anaconda.org/conda-forge/osx-arm64/liblzma-5.8.1-h39f12f2_2.conda
  sha256: 0cb92a9e026e7bd4842f410a5c5c665c89b2eb97794ffddba519a626b8ce7285
  md5: d6df911d4564d77c4374b02552cb17d1
  depends:
  - __osx >=11.0
  constrains:
  - xz 5.8.1.*
  license: 0BSD
  size: 92286
  timestamp: 1749230283517
- conda: https://conda.anaconda.org/conda-forge/linux-64/libmpdec-4.0.0-hb9d3cd8_0.conda
  sha256: 3aa92d4074d4063f2a162cd8ecb45dccac93e543e565c01a787e16a43501f7ee
  md5: c7e925f37e3b40d893459e625f6a53f1
  depends:
  - __glibc >=2.17,<3.0.a0
  - libgcc >=13
  license: BSD-2-Clause
  license_family: BSD
  size: 91183
  timestamp: 1748393666725
- conda: https://conda.anaconda.org/conda-forge/osx-arm64/libmpdec-4.0.0-h5505292_0.conda
  sha256: 0a1875fc1642324ebd6c4ac864604f3f18f57fbcf558a8264f6ced028a3c75b2
  md5: 85ccccb47823dd9f7a99d2c7f530342f
  depends:
  - __osx >=11.0
  license: BSD-2-Clause
  license_family: BSD
  size: 71829
  timestamp: 1748393749336
- conda: https://conda.anaconda.org/conda-forge/linux-64/libopenblas-0.3.30-pthreads_h94d23a6_1.conda
  sha256: 3f3fc30fe340bc7f8f46fea6a896da52663b4d95caed1f144e8ea114b4bb6b61
  md5: 7e2ba4ca7e6ffebb7f7fc2da2744df61
  depends:
  - __glibc >=2.17,<3.0.a0
  - libgcc >=14
  - libgfortran
  - libgfortran5 >=14.3.0
  constrains:
  - openblas >=0.3.30,<0.3.31.0a0
  license: BSD-3-Clause
  size: 5918161
  timestamp: 1753405234435
- conda: https://conda.anaconda.org/conda-forge/osx-arm64/libopenblas-0.3.30-openmp_h60d53f8_1.conda
  sha256: dfa2e506dcbd2b8e5656333021dbd422d2c1655dcfecbd7a50cac9d223c802b4
  md5: 165b15df4e15aba3a2b63897d6e4c539
  depends:
  - __osx >=11.0
  - libgfortran
  - libgfortran5 >=14.3.0
  - llvm-openmp >=19.1.7
  constrains:
  - openblas >=0.3.30,<0.3.31.0a0
  license: BSD-3-Clause
  size: 4282228
  timestamp: 1753404509306
- conda: https://conda.anaconda.org/conda-forge/linux-64/libsodium-1.0.20-h4ab18f5_0.conda
  sha256: 0105bd108f19ea8e6a78d2d994a6d4a8db16d19a41212070d2d1d48a63c34161
  md5: a587892d3c13b6621a6091be690dbca2
  depends:
  - libgcc-ng >=12
  license: ISC
  size: 205978
  timestamp: 1716828628198
- conda: https://conda.anaconda.org/conda-forge/osx-arm64/libsodium-1.0.20-h99b78c6_0.conda
  sha256: fade8223e1e1004367d7101dd17261003b60aa576df6d7802191f8972f7470b1
  md5: a7ce36e284c5faaf93c220dfc39e3abd
  depends:
  - __osx >=11.0
  license: ISC
  size: 164972
  timestamp: 1716828607917
- conda: https://conda.anaconda.org/conda-forge/linux-64/libsqlite-3.50.3-hee844dc_1.conda
  sha256: 8c4faf560815a6d6b5edadc019f76d22a45171eaa707a1f1d1898ceda74b2e3f
  md5: 18d2ac95b507ada9ca159a6bd73255f7
  depends:
  - __glibc >=2.17,<3.0.a0
  - icu >=75.1,<76.0a0
  - libgcc >=14
  - libzlib >=1.3.1,<2.0a0
  license: blessing
  size: 936339
  timestamp: 1753262589168
- conda: https://conda.anaconda.org/conda-forge/osx-arm64/libsqlite-3.50.3-h4237e3c_1.conda
  sha256: 248ba9622ee91c3ae1266f7b69143adf5031e1f2d94b6d02423e192e47531697
  md5: 6d034f4604ac104a1256204af7d1a534
  depends:
  - __osx >=11.0
  - icu >=75.1,<76.0a0
  - libzlib >=1.3.1,<2.0a0
  license: blessing
  size: 902818
  timestamp: 1753262833682
- conda: https://conda.anaconda.org/conda-forge/linux-64/libstdcxx-15.1.0-h8f9b012_3.conda
  sha256: 7650837344b7850b62fdba02155da0b159cf472b9ab59eb7b472f7bd01dff241
  md5: 6d11a5edae89fe413c0569f16d308f5a
  depends:
  - __glibc >=2.17,<3.0.a0
  - libgcc 15.1.0 h767d61c_3
  license: GPL-3.0-only WITH GCC-exception-3.1
  license_family: GPL
  size: 3896407
  timestamp: 1750808251302
- conda: https://conda.anaconda.org/conda-forge/linux-64/libstdcxx-ng-15.1.0-h4852527_3.conda
  sha256: bbaea1ecf973a7836f92b8ebecc94d3c758414f4de39d2cc6818a3d10cb3216b
  md5: 57541755b5a51691955012b8e197c06c
  depends:
  - libstdcxx 15.1.0 h8f9b012_3
  license: GPL-3.0-only WITH GCC-exception-3.1
  license_family: GPL
  size: 29093
  timestamp: 1750808292700
- conda: https://conda.anaconda.org/conda-forge/linux-64/libuuid-2.38.1-h0b41bf4_0.conda
  sha256: 787eb542f055a2b3de553614b25f09eefb0a0931b0c87dbcce6efdfd92f04f18
  md5: 40b61aab5c7ba9ff276c41cfffe6b80b
  depends:
  - libgcc-ng >=12
  license: BSD-3-Clause
  license_family: BSD
  size: 33601
  timestamp: 1680112270483
- conda: https://conda.anaconda.org/conda-forge/linux-64/libzlib-1.3.1-hb9d3cd8_2.conda
  sha256: d4bfe88d7cb447768e31650f06257995601f89076080e76df55e3112d4e47dc4
  md5: edb0dca6bc32e4f4789199455a1dbeb8
  depends:
  - __glibc >=2.17,<3.0.a0
  - libgcc >=13
  constrains:
  - zlib 1.3.1 *_2
  license: Zlib
  license_family: Other
  size: 60963
  timestamp: 1727963148474
- conda: https://conda.anaconda.org/conda-forge/osx-arm64/libzlib-1.3.1-h8359307_2.conda
  sha256: ce34669eadaba351cd54910743e6a2261b67009624dbc7daeeafdef93616711b
  md5: 369964e85dc26bfe78f41399b366c435
  depends:
  - __osx >=11.0
  constrains:
  - zlib 1.3.1 *_2
  license: Zlib
  license_family: Other
  size: 46438
  timestamp: 1727963202283
- conda: https://conda.anaconda.org/conda-forge/osx-arm64/llvm-openmp-20.1.8-hbb9b287_0.conda
  sha256: d731910cd4d084574c6bba0638ac98906c1fd8104a2e844f69813e641cf72305
  md5: 6f5b4542c2dd772024d9f7e7b0d5e41a
  depends:
  - __osx >=11.0
  constrains:
  - openmp 20.1.8|20.1.8.*
  license: Apache-2.0 WITH LLVM-exception
  license_family: APACHE
  size: 283218
  timestamp: 1752565794800
- conda: https://conda.modular.com/max-nightly/linux-64/max-25.5.0.dev2025072605-release.conda
  noarch: python
  sha256: 43867a08ce8226ae07a39d2421965bdb5a493160e8471d752647d9a906761110
  depends:
  - numpy >=1.18
  - python-gil >=3.9,<3.14
  - max-core ==25.5.0.dev2025072605 release
  - mojo-dev ==25.5.0.dev2025072605 release
  constrains:
  - click >=8.0.0
  - gguf >=0.17.1
  - hf-transfer >=0.1.9
  - huggingface_hub >=0.28.0
  - llguidance >=1.0.1
  - pillow >=11.0.0
  - psutil >=6.1.1
  - requests >=2.32.3
  - pytorch >=2.5.0
  - tqdm >=4.67.1
  - transformers >=4.52.4
  - typing-extensions >=4.12.2
  - uvicorn >=0.34.0
  - uvloop >=0.21.0
  - aiofiles >=24.1.0
  - asgiref >=3.8.1
  - fastapi >=0.115.3,<0.116
  - grpcio >=1.68.0
  - httpx >=0.28.1,<0.29
  - msgspec >=0.19.0
  - opentelemetry-api >=1.29.0
  - opentelemetry-exporter-otlp-proto-http >=1.27.0
  - opentelemetry-exporter-prometheus >=0.50b0
  - opentelemetry-sdk >=1.29.0,<2.0
  - prometheus_client >=0.21.0
  - protobuf >=6.31.1,<6.32.0
  - pydantic-settings >=2.7.1
  - pydantic
  - pyinstrument >=5.0.1
  - python-json-logger >=2.0.7
  - pyzmq >=26.3.0
  - regex >=2024.11.6
  - scipy >=1.13.0
  - sse-starlette >=2.1.2
  - starlette >=0.40.0,<0.41.3
  - taskgroup >=0.2.2
  - tokenizers >=0.19.0
  license: LicenseRef-Modular-Proprietary
  size: 31533160
  timestamp: 1753507140481
- conda: https://conda.modular.com/max-nightly/osx-arm64/max-25.5.0.dev2025072605-release.conda
  noarch: python
  sha256: 5805ce885fefbedb51c5ab2aafa276eafa46411f8e7baeac5820e12a8ab35284
  depends:
  - numpy >=1.18
  - python-gil >=3.9,<3.14
  - max-core ==25.5.0.dev2025072605 release
  - mojo-dev ==25.5.0.dev2025072605 release
  constrains:
  - click >=8.0.0
  - gguf >=0.17.1
  - hf-transfer >=0.1.9
  - huggingface_hub >=0.28.0
  - llguidance >=1.0.1
  - pillow >=11.0.0
  - psutil >=6.1.1
  - requests >=2.32.3
  - pytorch >=2.5.0
  - tqdm >=4.67.1
  - transformers >=4.52.4
  - typing-extensions >=4.12.2
  - uvicorn >=0.34.0
  - uvloop >=0.21.0
  - aiofiles >=24.1.0
  - asgiref >=3.8.1
  - fastapi >=0.115.3,<0.116
  - grpcio >=1.68.0
  - httpx >=0.28.1,<0.29
  - msgspec >=0.19.0
  - opentelemetry-api >=1.29.0
  - opentelemetry-exporter-otlp-proto-http >=1.27.0
  - opentelemetry-exporter-prometheus >=0.50b0
  - opentelemetry-sdk >=1.29.0,<2.0
  - prometheus_client >=0.21.0
  - protobuf >=6.31.1,<6.32.0
  - pydantic-settings >=2.7.1
  - pydantic
  - pyinstrument >=5.0.1
  - python-json-logger >=2.0.7
  - pyzmq >=26.3.0
  - regex >=2024.11.6
  - scipy >=1.13.0
  - sse-starlette >=2.1.2
  - starlette >=0.40.0,<0.41.3
  - taskgroup >=0.2.2
  - tokenizers >=0.19.0
  license: LicenseRef-Modular-Proprietary
  size: 32435568
  timestamp: 1753508876286
- conda: https://conda.modular.com/max-nightly/linux-64/max-core-25.5.0.dev2025072605-release.conda
  sha256: b6a6c78971ece96db6320fd1a4d28b31eea5c66ec907c8e35f63c01f0dff132d
  depends:
  - mojo ==25.5.0.dev2025072605 release
  license: LicenseRef-Modular-Proprietary
  size: 57377677
  timestamp: 1753507140481
- conda: https://conda.modular.com/max-nightly/osx-arm64/max-core-25.5.0.dev2025072605-release.conda
  sha256: 67b1e9162e57e7f7fc300832d5964ff63033485a36ff94b3025f56020e04a1ff
  depends:
  - mojo ==25.5.0.dev2025072605 release
  license: LicenseRef-Modular-Proprietary
  size: 54261039
  timestamp: 1753508876286
- conda: https://conda.modular.com/max-nightly/noarch/mblack-25.5.0.dev2025072605-release.conda
  noarch: python
  sha256: 1408c07dbbd09f1b52b443be244aff6b7990b9910ae1cadd655eb793a7689682
  depends:
  - python >=3.9
  - click >=8.0.0
  - mypy_extensions >=0.4.3
  - packaging >=22.0
  - pathspec >=0.9.0
  - platformdirs >=2
  - tomli >=1.1.0
  - typing_extensions >=v4.12.2
  - python
  license: MIT
  size: 131471
  timestamp: 1753507201063
- conda: https://conda.modular.com/max-nightly/linux-64/mojo-25.5.0.dev2025072605-release.conda
  sha256: 7cf8db1be525b7631a5e5daf7da2d1f9e43073a3de162bba00db630eb892c02c
  license: LicenseRef-Modular-Proprietary
  size: 78220747
  timestamp: 1753507140481
- conda: https://conda.modular.com/max-nightly/osx-arm64/mojo-25.5.0.dev2025072605-release.conda
  sha256: 098046b712af22620b6ece9d3ccfe6f19c26d3db508cef2a3f9c21b3bf515e8a
  license: LicenseRef-Modular-Proprietary
  size: 58999307
  timestamp: 1753508876285
- conda: https://conda.modular.com/max-nightly/linux-64/mojo-dev-25.5.0.dev2025072605-release.conda
  sha256: eb907e7e915efd835bebbb183886b0a256ca772800c7362d18e14d2b5bcb6678
  depends:
  - python >=3.9
  - mojo ==25.5.0.dev2025072605 release
  - mblack ==25.5.0.dev2025072605 release
  - jupyter_client >=8.6.2,<8.7
  license: LicenseRef-Modular-Proprietary
  size: 86715044
  timestamp: 1753507140481
- conda: https://conda.modular.com/max-nightly/osx-arm64/mojo-dev-25.5.0.dev2025072605-release.conda
  sha256: a59bfd8a9778ac06374f76d4b3dd9ff15f9fb6b8b90050aba6095df671ff696a
  depends:
  - python >=3.9
  - mojo ==25.5.0.dev2025072605 release
  - mblack ==25.5.0.dev2025072605 release
  - jupyter_client >=8.6.2,<8.7
  license: LicenseRef-Modular-Proprietary
  size: 72341448
  timestamp: 1753508876286
- conda: https://conda.anaconda.org/conda-forge/noarch/mypy_extensions-1.1.0-pyha770c72_0.conda
  sha256: 6ed158e4e5dd8f6a10ad9e525631e35cee8557718f83de7a4e3966b1f772c4b1
  md5: e9c622e0d00fa24a6292279af3ab6d06
  depends:
  - python >=3.9
  license: MIT
  license_family: MIT
  size: 11766
  timestamp: 1745776666688
- conda: https://conda.anaconda.org/conda-forge/linux-64/ncurses-6.5-h2d0b736_3.conda
  sha256: 3fde293232fa3fca98635e1167de6b7c7fda83caf24b9d6c91ec9eefb4f4d586
  md5: 47e340acb35de30501a76c7c799c41d7
  depends:
  - __glibc >=2.17,<3.0.a0
  - libgcc >=13
  license: X11 AND BSD-3-Clause
  size: 891641
  timestamp: 1738195959188
- conda: https://conda.anaconda.org/conda-forge/osx-arm64/ncurses-6.5-h5e97a16_3.conda
  sha256: 2827ada40e8d9ca69a153a45f7fd14f32b2ead7045d3bbb5d10964898fe65733
  md5: 068d497125e4bf8a66bf707254fff5ae
  depends:
  - __osx >=11.0
  license: X11 AND BSD-3-Clause
  size: 797030
  timestamp: 1738196177597
- conda: https://conda.anaconda.org/conda-forge/linux-64/numpy-2.3.2-py313hf6604e3_0.conda
  sha256: 4bb3beafb59f0e29e2e63028109e2cbbf9d10680be76192da2cea342d8892152
  md5: 34da5460bdcd8a5d360ef46cae9f626d
  depends:
  - python
  - libgcc >=14
  - libstdcxx >=14
  - libgcc >=14
  - __glibc >=2.17,<3.0.a0
  - libblas >=3.9.0,<4.0a0
  - libcblas >=3.9.0,<4.0a0
  - liblapack >=3.9.0,<4.0a0
  - python_abi 3.13.* *_cp313
  constrains:
  - numpy-base <0a0
  license: BSD-3-Clause
  size: 8889862
  timestamp: 1753401532585
- conda: https://conda.anaconda.org/conda-forge/osx-arm64/numpy-2.3.2-py313h674b998_0.conda
  sha256: d5141dbc26706ba882780233d773229f0c81a40947ab30c6084c7b8b70022823
  md5: 4ed71a747fb592d7d271c20be89f1966
  depends:
  - python
  - __osx >=11.0
  - python 3.13.* *_cp313
  - libcxx >=19
  - python_abi 3.13.* *_cp313
  - libcblas >=3.9.0,<4.0a0
  - liblapack >=3.9.0,<4.0a0
  - libblas >=3.9.0,<4.0a0
  constrains:
  - numpy-base <0a0
  license: BSD-3-Clause
  size: 6747854
  timestamp: 1753401542639
- conda: https://conda.anaconda.org/conda-forge/linux-64/openssl-3.5.1-h7b32b05_0.conda
  sha256: 942347492164190559e995930adcdf84e2fea05307ec8012c02a505f5be87462
  md5: c87df2ab1448ba69169652ab9547082d
  depends:
  - __glibc >=2.17,<3.0.a0
  - ca-certificates
  - libgcc >=13
  license: Apache-2.0
  license_family: Apache
  size: 3131002
  timestamp: 1751390382076
- conda: https://conda.anaconda.org/conda-forge/osx-arm64/openssl-3.5.1-h81ee809_0.conda
  sha256: f94fde0f096fa79794c8aa0a2665630bbf9026cc6438e8253f6555fc7281e5a8
  md5: a8ac77e7c7e58d43fa34d60bd4361062
  depends:
  - __osx >=11.0
  - ca-certificates
  license: Apache-2.0
  license_family: Apache
  size: 3071649
  timestamp: 1751390309393
- conda: https://conda.anaconda.org/conda-forge/noarch/packaging-25.0-pyh29332c3_1.conda
  sha256: 289861ed0c13a15d7bbb408796af4de72c2fe67e2bcb0de98f4c3fce259d7991
  md5: 58335b26c38bf4a20f399384c33cbcf9
  depends:
  - python >=3.8
  - python
  license: Apache-2.0
  license_family: APACHE
  size: 62477
  timestamp: 1745345660407
- conda: https://conda.anaconda.org/conda-forge/noarch/pathspec-0.12.1-pyhd8ed1ab_1.conda
  sha256: 9f64009cdf5b8e529995f18e03665b03f5d07c0b17445b8badef45bde76249ee
  md5: 617f15191456cc6a13db418a275435e5
  depends:
  - python >=3.9
  license: MPL-2.0
  license_family: MOZILLA
  size: 41075
  timestamp: 1733233471940
- conda: https://conda.anaconda.org/conda-forge/noarch/platformdirs-4.3.8-pyhe01879c_0.conda
  sha256: 0f48999a28019c329cd3f6fd2f01f09fc32cc832f7d6bbe38087ddac858feaa3
  md5: 424844562f5d337077b445ec6b1398a7
  depends:
  - python >=3.9
  - python
  license: MIT
  license_family: MIT
  size: 23531
  timestamp: 1746710438805
- conda: https://conda.anaconda.org/conda-forge/linux-64/python-3.13.5-hec9711d_102_cp313.conda
  build_number: 102
  sha256: c2cdcc98ea3cbf78240624e4077e164dc9d5588eefb044b4097c3df54d24d504
  md5: 89e07d92cf50743886f41638d58c4328
  depends:
  - __glibc >=2.17,<3.0.a0
  - bzip2 >=1.0.8,<2.0a0
  - ld_impl_linux-64 >=2.36.1
  - libexpat >=2.7.0,<3.0a0
  - libffi >=3.4.6,<3.5.0a0
  - libgcc >=13
  - liblzma >=5.8.1,<6.0a0
  - libmpdec >=4.0.0,<5.0a0
  - libsqlite >=3.50.1,<4.0a0
  - libuuid >=2.38.1,<3.0a0
  - libzlib >=1.3.1,<2.0a0
  - ncurses >=6.5,<7.0a0
  - openssl >=3.5.0,<4.0a0
  - python_abi 3.13.* *_cp313
  - readline >=8.2,<9.0a0
  - tk >=8.6.13,<8.7.0a0
  - tzdata
  license: Python-2.0
  size: 33273132
  timestamp: 1750064035176
  python_site_packages_path: lib/python3.13/site-packages
- conda: https://conda.anaconda.org/conda-forge/osx-arm64/python-3.13.5-hf3f3da0_102_cp313.conda
  build_number: 102
  sha256: ee1b09fb5563be8509bb9b29b2b436a0af75488b5f1fa6bcd93fe0fba597d13f
  md5: 123b7f04e7b8d6fc206cf2d3466f8a4b
  depends:
  - __osx >=11.0
  - bzip2 >=1.0.8,<2.0a0
  - libexpat >=2.7.0,<3.0a0
  - libffi >=3.4.6,<3.5.0a0
  - liblzma >=5.8.1,<6.0a0
  - libmpdec >=4.0.0,<5.0a0
  - libsqlite >=3.50.1,<4.0a0
  - libzlib >=1.3.1,<2.0a0
  - ncurses >=6.5,<7.0a0
  - openssl >=3.5.0,<4.0a0
  - python_abi 3.13.* *_cp313
  - readline >=8.2,<9.0a0
  - tk >=8.6.13,<8.7.0a0
  - tzdata
  license: Python-2.0
  size: 12931515
  timestamp: 1750062475020
  python_site_packages_path: lib/python3.13/site-packages
- conda: https://conda.anaconda.org/conda-forge/noarch/python-dateutil-2.9.0.post0-pyhe01879c_2.conda
  sha256: d6a17ece93bbd5139e02d2bd7dbfa80bee1a4261dced63f65f679121686bf664
  md5: 5b8d21249ff20967101ffa321cab24e8
  depends:
  - python >=3.9
  - six >=1.5
  - python
  license: Apache-2.0
  license_family: APACHE
  size: 233310
  timestamp: 1751104122689
- conda: https://conda.anaconda.org/conda-forge/noarch/python-gil-3.13.5-h4df99d1_102.conda
  sha256: ac6cf618100c2e0cad1cabfe2c44bf4a944aa07bb1dc43abff73373351a7d079
  md5: 2eabcede0db21acee23c181db58b4128
  depends:
  - cpython 3.13.5.*
  - python_abi * *_cp313
  license: Python-2.0
  size: 47572
  timestamp: 1750062593102
- conda: https://conda.anaconda.org/conda-forge/noarch/python_abi-3.13-8_cp313.conda
  build_number: 8
  sha256: 210bffe7b121e651419cb196a2a63687b087497595c9be9d20ebe97dd06060a7
  md5: 94305520c52a4aa3f6c2b1ff6008d9f8
  constrains:
  - python 3.13.* *_cp313
  license: BSD-3-Clause
  license_family: BSD
  size: 7002
  timestamp: 1752805902938
- conda: https://conda.anaconda.org/conda-forge/linux-64/pyzmq-27.0.0-py313h8e95178_0.conda
  sha256: 6446721c43ba540c02ced4dde564f5a9a0131e40aa406e8af6313084c4a2024f
  md5: c912a00e5cb59357ef55b7930a48cf48
  depends:
  - __glibc >=2.17,<3.0.a0
  - libgcc >=13
  - libsodium >=1.0.20,<1.0.21.0a0
  - libstdcxx >=13
  - python >=3.13,<3.14.0a0
  - python_abi 3.13.* *_cp313
  - zeromq >=4.3.5,<4.4.0a0
  license: BSD-3-Clause
  license_family: BSD
  size: 384549
  timestamp: 1749898593849
- conda: https://conda.anaconda.org/conda-forge/osx-arm64/pyzmq-27.0.0-py313he6960b1_0.conda
  sha256: da722b8ee2785d764182c2d3b9007fb5ef8bc4096f5fc018fd3b3026719b1ee7
  md5: 2cacb246854e185506768b3f7ae23a69
  depends:
  - __osx >=11.0
  - libcxx >=18
  - libsodium >=1.0.20,<1.0.21.0a0
  - python >=3.13,<3.14.0a0
  - python >=3.13,<3.14.0a0 *_cp313
  - python_abi 3.13.* *_cp313
  - zeromq >=4.3.5,<4.4.0a0
  license: BSD-3-Clause
  license_family: BSD
  size: 363932
  timestamp: 1749899287142
- conda: https://conda.anaconda.org/conda-forge/linux-64/readline-8.2-h8c095d6_2.conda
  sha256: 2d6d0c026902561ed77cd646b5021aef2d4db22e57a5b0178dfc669231e06d2c
  md5: 283b96675859b20a825f8fa30f311446
  depends:
  - libgcc >=13
  - ncurses >=6.5,<7.0a0
  license: GPL-3.0-only
  license_family: GPL
  size: 282480
  timestamp: 1740379431762
- conda: https://conda.anaconda.org/conda-forge/osx-arm64/readline-8.2-h1d1bf99_2.conda
  sha256: 7db04684d3904f6151eff8673270922d31da1eea7fa73254d01c437f49702e34
  md5: 63ef3f6e6d6d5c589e64f11263dc5676
  depends:
  - ncurses >=6.5,<7.0a0
  license: GPL-3.0-only
  license_family: GPL
  size: 252359
  timestamp: 1740379663071
- conda: https://conda.anaconda.org/conda-forge/noarch/six-1.17.0-pyhe01879c_1.conda
  sha256: 458227f759d5e3fcec5d9b7acce54e10c9e1f4f4b7ec978f3bfd54ce4ee9853d
  md5: 3339e3b65d58accf4ca4fb8748ab16b3
  depends:
  - python >=3.9
  - python
  license: MIT
  license_family: MIT
  size: 18455
  timestamp: 1753199211006
- conda: https://conda.anaconda.org/conda-forge/linux-64/tk-8.6.13-noxft_hd72426e_102.conda
  sha256: a84ff687119e6d8752346d1d408d5cf360dee0badd487a472aa8ddedfdc219e1
  md5: a0116df4f4ed05c303811a837d5b39d8
  depends:
  - __glibc >=2.17,<3.0.a0
  - libgcc >=13
  - libzlib >=1.3.1,<2.0a0
  license: TCL
  license_family: BSD
  size: 3285204
  timestamp: 1748387766691
- conda: https://conda.anaconda.org/conda-forge/osx-arm64/tk-8.6.13-h892fb3f_2.conda
  sha256: cb86c522576fa95c6db4c878849af0bccfd3264daf0cc40dd18e7f4a7bfced0e
  md5: 7362396c170252e7b7b0c8fb37fe9c78
  depends:
  - __osx >=11.0
  - libzlib >=1.3.1,<2.0a0
  license: TCL
  license_family: BSD
  size: 3125538
  timestamp: 1748388189063
- conda: https://conda.anaconda.org/conda-forge/noarch/tomli-2.2.1-pyhd8ed1ab_1.conda
  sha256: 18636339a79656962723077df9a56c0ac7b8a864329eb8f847ee3d38495b863e
  md5: ac944244f1fed2eb49bae07193ae8215
  depends:
  - python >=3.9
  license: MIT
  license_family: MIT
  size: 19167
  timestamp: 1733256819729
- conda: https://conda.anaconda.org/conda-forge/linux-64/tornado-6.5.1-py313h536fd9c_0.conda
  sha256: 282c9c3380217119c779fc4c432b0e4e1e42e9a6265bfe36b6f17f6b5d4e6614
  md5: e9434a5155db25c38ade26f71a2f5a48
  depends:
  - __glibc >=2.17,<3.0.a0
  - libgcc >=13
  - python >=3.13,<3.14.0a0
  - python_abi 3.13.* *_cp313
  license: Apache-2.0
  license_family: Apache
  size: 873269
  timestamp: 1748003477089
- conda: https://conda.anaconda.org/conda-forge/osx-arm64/tornado-6.5.1-py313h90d716c_0.conda
  sha256: 29c623cfb1f9ea7c1d865cf5f52ae6faa6497ceddbe7841ae27901a21f8cf79f
  md5: 1ab3bef3e9aa0bba9eee2dfbedab1dba
  depends:
  - __osx >=11.0
  - python >=3.13,<3.14.0a0
  - python >=3.13,<3.14.0a0 *_cp313
  - python_abi 3.13.* *_cp313
  license: Apache-2.0
  license_family: Apache
  size: 874352
  timestamp: 1748003547444
- conda: https://conda.anaconda.org/conda-forge/noarch/traitlets-5.14.3-pyhd8ed1ab_1.conda
  sha256: f39a5620c6e8e9e98357507262a7869de2ae8cc07da8b7f84e517c9fd6c2b959
  md5: 019a7385be9af33791c989871317e1ed
  depends:
  - python >=3.9
  license: BSD-3-Clause
  license_family: BSD
  size: 110051
  timestamp: 1733367480074
- conda: https://conda.anaconda.org/conda-forge/noarch/typing_extensions-4.14.1-pyhe01879c_0.conda
  sha256: 4f52390e331ea8b9019b87effaebc4f80c6466d09f68453f52d5cdc2a3e1194f
  md5: e523f4f1e980ed7a4240d7e27e9ec81f
  depends:
  - python >=3.9
  - python
  license: PSF-2.0
  license_family: PSF
  size: 51065
  timestamp: 1751643513473
- conda: https://conda.anaconda.org/conda-forge/noarch/tzdata-2025b-h78e105d_0.conda
  sha256: 5aaa366385d716557e365f0a4e9c3fca43ba196872abbbe3d56bb610d131e192
  md5: 4222072737ccff51314b5ece9c7d6f5a
  license: LicenseRef-Public-Domain
  size: 122968
  timestamp: 1742727099393
- conda: https://conda.anaconda.org/conda-forge/linux-64/zeromq-4.3.5-h3b0a872_7.conda
  sha256: a4dc72c96848f764bb5a5176aa93dd1e9b9e52804137b99daeebba277b31ea10
  md5: 3947a35e916fcc6b9825449affbf4214
  depends:
  - __glibc >=2.17,<3.0.a0
  - krb5 >=1.21.3,<1.22.0a0
  - libgcc >=13
  - libsodium >=1.0.20,<1.0.21.0a0
  - libstdcxx >=13
  license: MPL-2.0
  license_family: MOZILLA
  size: 335400
  timestamp: 1731585026517
- conda: https://conda.anaconda.org/conda-forge/osx-arm64/zeromq-4.3.5-hc1bb282_7.conda
  sha256: 9e585569fe2e7d3bea71972cd4b9f06b1a7ab8fa7c5139f92a31cbceecf25a8a
  md5: f7e6b65943cb73bce0143737fded08f1
  depends:
  - __osx >=11.0
  - krb5 >=1.21.3,<1.22.0a0
  - libcxx >=18
  - libsodium >=1.0.20,<1.0.21.0a0
  license: MPL-2.0
  license_family: MOZILLA
  size: 281565
  timestamp: 1731585108039
- conda: https://conda.anaconda.org/conda-forge/noarch/zipp-3.23.0-pyhd8ed1ab_0.conda
  sha256: 7560d21e1b021fd40b65bfb72f67945a3fcb83d78ad7ccf37b8b3165ec3b68ad
  md5: df5e78d904988eb55042c0c97446079f
  depends:
  - python >=3.9
  license: MIT
  license_family: MIT
  size: 22963
  timestamp: 1749421737203
